
Microsoft Visual Studio Solution File, Format Version 12.00
# Visual Studio Version 16
VisualStudioVersion = 16.0.29519.181
MinimumVisualStudioVersion = 10.0.40219.1
Project("{8BC9CEB8-8B4A-11D0-8D11-00A0C91BC942}") = "plt", "Modules\ProceduralLandscapeLibrary\ProceduralLandscapeLibrary.vcxproj", "{A1BEC4B9-F16A-4D37-B4E3-8A4EB6680D47}"
EndProject
Project("{8BC9CEB8-8B4A-11D0-8D11-00A0C91BC942}") = "Engine", "Modules\Engine\Engine.vcxproj", "{1255E73D-5858-41FB-88CF-5BD1E2512432}"
	ProjectSection(ProjectDependencies) = postProject
		{38CD1002-ECEA-4B4C-B7ED-EE3E14D10FF0} = {38CD1002-ECEA-4B4C-B7ED-EE3E14D10FF0}
		{F4726716-1F0A-6249-9131-D9E43CE0DE81} = {F4726716-1F0A-6249-9131-D9E43CE0DE81}
		{CD0FBE54-2747-DE45-B822-32760D53CB95} = {CD0FBE54-2747-DE45-B822-32760D53CB95}
		{8659715B-75D7-984C-8865-B8753FD0BDCE} = {8659715B-75D7-984C-8865-B8753FD0BDCE}
		{FEEB5569-C32D-574D-9D32-40C15F1A7DC0} = {FEEB5569-C32D-574D-9D32-40C15F1A7DC0}
		{8AC4C670-D53B-3243-AE90-6D8858474D36} = {8AC4C670-D53B-3243-AE90-6D8858474D36}
		{ACBD7079-863C-449A-81BC-E5C694580D84} = {ACBD7079-863C-449A-81BC-E5C694580D84}
		{3545B27B-F7F1-FC46-A128-28B289F14DB9} = {3545B27B-F7F1-FC46-A128-28B289F14DB9}
		{80BE6C89-254A-9D47-9247-0D14301528E9} = {80BE6C89-254A-9D47-9247-0D14301528E9}
		{AF15FD9A-8770-4146-A432-C7E79488F258} = {AF15FD9A-8770-4146-A432-C7E79488F258}
		{4AC66FA9-9F10-D54E-BF6F-23824AE32E6D} = {4AC66FA9-9F10-D54E-BF6F-23824AE32E6D}
		{A1BEC4B9-F16A-4D37-B4E3-8A4EB6680D47} = {A1BEC4B9-F16A-4D37-B4E3-8A4EB6680D47}
		{5C5B57C1-1FEA-4558-A4C3-12CBC8FD9D66} = {5C5B57C1-1FEA-4558-A4C3-12CBC8FD9D66}
		{9EA610C4-46A9-3F47-89CC-61E75D142751} = {9EA610C4-46A9-3F47-89CC-61E75D142751}
		{EFE53DDA-55F9-F04C-B1E3-63CB018758A0} = {EFE53DDA-55F9-F04C-B1E3-63CB018758A0}
		{793E58EC-97D8-BE4D-8900-C3EDEBF293B2} = {793E58EC-97D8-BE4D-8900-C3EDEBF293B2}
		{53CBB3EF-CCD9-422A-9369-55FAD6E5FCEC} = {53CBB3EF-CCD9-422A-9369-55FAD6E5FCEC}
		{5CCFC1FB-3268-6044-80C3-4C1692D75C29} = {5CCFC1FB-3268-6044-80C3-4C1692D75C29}
	EndProjectSection
EndProject
Project("{2150E333-8FDC-42A3-9474-1A3956D46DE8}") = "Bullet3D", "Bullet3D", "{D36F51EF-019C-4F05-91BB-3C641357AC5A}"
EndProject
Project("{8BC9CEB8-8B4A-11D0-8D11-00A0C91BC942}") = "LinearMath", "Modules\Bullet3D\build3\vs2010\LinearMath.vcxproj", "{9EA610C4-46A9-3F47-89CC-61E75D142751}"
EndProject
Project("{8BC9CEB8-8B4A-11D0-8D11-00A0C91BC942}") = "BulletCollision", "Modules\Bullet3D\build3\vs2010\BulletCollision.vcxproj", "{5CCFC1FB-3268-6044-80C3-4C1692D75C29}"
EndProject
Project("{8BC9CEB8-8B4A-11D0-8D11-00A0C91BC942}") = "BulletDynamics", "Modules\Bullet3D\build3\vs2010\BulletDynamics.vcxproj", "{EFE53DDA-55F9-F04C-B1E3-63CB018758A0}"
EndProject
Project("{8BC9CEB8-8B4A-11D0-8D11-00A0C91BC942}") = "Bullet3Dynamics", "Modules\Bullet3D\build3\vs2010\Bullet3Dynamics.vcxproj", "{793E58EC-97D8-BE4D-8900-C3EDEBF293B2}"
EndProject
Project("{8BC9CEB8-8B4A-11D0-8D11-00A0C91BC942}") = "Bullet3Collision", "Modules\Bullet3D\build3\vs2010\Bullet3Collision.vcxproj", "{80BE6C89-254A-9D47-9247-0D14301528E9}"
EndProject
Project("{8BC9CEB8-8B4A-11D0-8D11-00A0C91BC942}") = "Bullet2FileLoader", "Modules\Bullet3D\build3\vs2010\Bullet2FileLoader.vcxproj", "{38CD1002-ECEA-4B4C-B7ED-EE3E14D10FF0}"
EndProject
Project("{8BC9CEB8-8B4A-11D0-8D11-00A0C91BC942}") = "Bullet3Common", "Modules\Bullet3D\build3\vs2010\Bullet3Common.vcxproj", "{8AC4C670-D53B-3243-AE90-6D8858474D36}"
EndProject
Project("{8BC9CEB8-8B4A-11D0-8D11-00A0C91BC942}") = "Bullet3Geometry", "Modules\Bullet3D\build3\vs2010\Bullet3Geometry.vcxproj", "{CD0FBE54-2747-DE45-B822-32760D53CB95}"
EndProject
Project("{8BC9CEB8-8B4A-11D0-8D11-00A0C91BC942}") = "Bullet3OpenCL_clew", "Modules\Bullet3D\build3\vs2010\Bullet3OpenCL_clew.vcxproj", "{3545B27B-F7F1-FC46-A128-28B289F14DB9}"
EndProject
Project("{8BC9CEB8-8B4A-11D0-8D11-00A0C91BC942}") = "BulletFileLoader", "Modules\Bullet3D\build3\vs2010\BulletFileLoader.vcxproj", "{4AC66FA9-9F10-D54E-BF6F-23824AE32E6D}"
EndProject
Project("{8BC9CEB8-8B4A-11D0-8D11-00A0C91BC942}") = "BulletInverseDynamics", "Modules\Bullet3D\build3\vs2010\BulletInverseDynamics.vcxproj", "{FEEB5569-C32D-574D-9D32-40C15F1A7DC0}"
EndProject
Project("{8BC9CEB8-8B4A-11D0-8D11-00A0C91BC942}") = "BulletInverseDynamicsUtils", "Modules\Bullet3D\build3\vs2010\BulletInverseDynamicsUtils.vcxproj", "{F4726716-1F0A-6249-9131-D9E43CE0DE81}"
EndProject
Project("{8BC9CEB8-8B4A-11D0-8D11-00A0C91BC942}") = "BulletWorldImporter", "Modules\Bullet3D\build3\vs2010\BulletWorldImporter.vcxproj", "{AF15FD9A-8770-4146-A432-C7E79488F258}"
EndProject
Project("{8BC9CEB8-8B4A-11D0-8D11-00A0C91BC942}") = "BulletXmlWorldImporter", "Modules\Bullet3D\build3\vs2010\BulletXmlWorldImporter.vcxproj", "{8659715B-75D7-984C-8865-B8753FD0BDCE}"
EndProject
Project("{8BC9CEB8-8B4A-11D0-8D11-00A0C91BC942}") = "ImGui", "Modules\ImGui\ImGui.vcxproj", "{5C5B57C1-1FEA-4558-A4C3-12CBC8FD9D66}"
	ProjectSection(ProjectDependencies) = postProject
		{53CBB3EF-CCD9-422A-9369-55FAD6E5FCEC} = {53CBB3EF-CCD9-422A-9369-55FAD6E5FCEC}
	EndProjectSection
EndProject
Project("{8BC9CEB8-8B4A-11D0-8D11-00A0C91BC942}") = "Stdbi", "Modules\Stdbi\Stdbi.vcxproj", "{ACBD7079-863C-449A-81BC-E5C694580D84}"
EndProject
Project("{8BC9CEB8-8B4A-11D0-8D11-00A0C91BC942}") = "Editor", "Modules\Editor\Editor.vcxproj", "{6C967FF6-D464-453B-9DEF-3BB342B6A4A1}"
	ProjectSection(ProjectDependencies) = postProject
		{1255E73D-5858-41FB-88CF-5BD1E2512432} = {1255E73D-5858-41FB-88CF-5BD1E2512432}
	EndProjectSection
EndProject
Project("{8BC9CEB8-8B4A-11D0-8D11-00A0C91BC942}") = "Glad", "Modules\Glad\Glad.vcxproj", "{53CBB3EF-CCD9-422A-9369-55FAD6E5FCEC}"
EndProject
Project("{FAE04EC0-301F-11D3-BF4B-00C04F79EFBC}") = "ProjectBuilder", "Tools\ProjectBuilder\ProjectBuilder.csproj", "{17DB7EA6-1867-4205-8B78-6E039EF4250A}"
EndProject
Project("{2150E333-8FDC-42A3-9474-1A3956D46DE8}") = "Tools", "Tools", "{7B790D0D-D0C8-49BC-BAF1-74D38D270795}"
EndProject
Project("{2150E333-8FDC-42A3-9474-1A3956D46DE8}") = "Library", "Library", "{0D3144BF-08E5-4A47-BC31-625428A35E03}"
EndProject
Global
	GlobalSection(SolutionConfigurationPlatforms) = preSolution
		Debug|Any CPU = Debug|Any CPU
		Debug|x64 = Debug|x64
		Debug|x86 = Debug|x86
		Export|Any CPU = Export|Any CPU
		Export|x64 = Export|x64
		Export|x86 = Export|x86
		Release|Any CPU = Release|Any CPU
		Release|x64 = Release|x64
		Release|x86 = Release|x86
	EndGlobalSection
	GlobalSection(ProjectConfigurationPlatforms) = postSolution
		{A1BEC4B9-F16A-4D37-B4E3-8A4EB6680D47}.Debug|Any CPU.ActiveCfg = Debug|Win32
		{A1BEC4B9-F16A-4D37-B4E3-8A4EB6680D47}.Debug|x64.ActiveCfg = Debug|x64
		{A1BEC4B9-F16A-4D37-B4E3-8A4EB6680D47}.Debug|x64.Build.0 = Debug|x64
		{A1BEC4B9-F16A-4D37-B4E3-8A4EB6680D47}.Debug|x86.ActiveCfg = Debug|Win32
		{A1BEC4B9-F16A-4D37-B4E3-8A4EB6680D47}.Debug|x86.Build.0 = Debug|Win32
		{A1BEC4B9-F16A-4D37-B4E3-8A4EB6680D47}.Export|Any CPU.ActiveCfg = Release|Win32
		{A1BEC4B9-F16A-4D37-B4E3-8A4EB6680D47}.Export|Any CPU.Build.0 = Release|Win32
		{A1BEC4B9-F16A-4D37-B4E3-8A4EB6680D47}.Export|x64.ActiveCfg = Release|x64
		{A1BEC4B9-F16A-4D37-B4E3-8A4EB6680D47}.Export|x64.Build.0 = Release|x64
		{A1BEC4B9-F16A-4D37-B4E3-8A4EB6680D47}.Export|x86.ActiveCfg = Release|Win32
		{A1BEC4B9-F16A-4D37-B4E3-8A4EB6680D47}.Export|x86.Build.0 = Release|Win32
		{A1BEC4B9-F16A-4D37-B4E3-8A4EB6680D47}.Release|Any CPU.ActiveCfg = Release|Win32
		{A1BEC4B9-F16A-4D37-B4E3-8A4EB6680D47}.Release|x64.ActiveCfg = Release|x64
		{A1BEC4B9-F16A-4D37-B4E3-8A4EB6680D47}.Release|x64.Build.0 = Release|x64
		{A1BEC4B9-F16A-4D37-B4E3-8A4EB6680D47}.Release|x86.ActiveCfg = Release|Win32
		{A1BEC4B9-F16A-4D37-B4E3-8A4EB6680D47}.Release|x86.Build.0 = Release|Win32
		{1255E73D-5858-41FB-88CF-5BD1E2512432}.Debug|Any CPU.ActiveCfg = Debug|Win32
		{1255E73D-5858-41FB-88CF-5BD1E2512432}.Debug|x64.ActiveCfg = Debug|x64
		{1255E73D-5858-41FB-88CF-5BD1E2512432}.Debug|x64.Build.0 = Debug|x64
		{1255E73D-5858-41FB-88CF-5BD1E2512432}.Debug|x86.ActiveCfg = Debug|Win32
		{1255E73D-5858-41FB-88CF-5BD1E2512432}.Debug|x86.Build.0 = Debug|Win32
		{1255E73D-5858-41FB-88CF-5BD1E2512432}.Export|Any CPU.ActiveCfg = Release|Win32
		{1255E73D-5858-41FB-88CF-5BD1E2512432}.Export|Any CPU.Build.0 = Release|Win32
		{1255E73D-5858-41FB-88CF-5BD1E2512432}.Export|x64.ActiveCfg = Release|x64
		{1255E73D-5858-41FB-88CF-5BD1E2512432}.Export|x64.Build.0 = Release|x64
		{1255E73D-5858-41FB-88CF-5BD1E2512432}.Export|x86.ActiveCfg = Release|Win32
		{1255E73D-5858-41FB-88CF-5BD1E2512432}.Export|x86.Build.0 = Release|Win32
		{1255E73D-5858-41FB-88CF-5BD1E2512432}.Release|Any CPU.ActiveCfg = Release|Win32
		{1255E73D-5858-41FB-88CF-5BD1E2512432}.Release|x64.ActiveCfg = Release|x64
		{1255E73D-5858-41FB-88CF-5BD1E2512432}.Release|x64.Build.0 = Release|x64
		{1255E73D-5858-41FB-88CF-5BD1E2512432}.Release|x86.ActiveCfg = Release|Win32
		{1255E73D-5858-41FB-88CF-5BD1E2512432}.Release|x86.Build.0 = Release|Win32
		{9EA610C4-46A9-3F47-89CC-61E75D142751}.Debug|Any CPU.ActiveCfg = Debug|Win32
		{9EA610C4-46A9-3F47-89CC-61E75D142751}.Debug|x64.ActiveCfg = Debug|x64
		{9EA610C4-46A9-3F47-89CC-61E75D142751}.Debug|x64.Build.0 = Debug|x64
		{9EA610C4-46A9-3F47-89CC-61E75D142751}.Debug|x86.ActiveCfg = Debug|Win32
		{9EA610C4-46A9-3F47-89CC-61E75D142751}.Debug|x86.Build.0 = Debug|Win32
		{9EA610C4-46A9-3F47-89CC-61E75D142751}.Export|Any CPU.ActiveCfg = Release|Win32
		{9EA610C4-46A9-3F47-89CC-61E75D142751}.Export|x64.ActiveCfg = Release|x64
		{9EA610C4-46A9-3F47-89CC-61E75D142751}.Export|x64.Build.0 = Release|x64
		{9EA610C4-46A9-3F47-89CC-61E75D142751}.Export|x86.ActiveCfg = Release|Win32
		{9EA610C4-46A9-3F47-89CC-61E75D142751}.Export|x86.Build.0 = Release|Win32
		{9EA610C4-46A9-3F47-89CC-61E75D142751}.Release|Any CPU.ActiveCfg = Release|Win32
		{9EA610C4-46A9-3F47-89CC-61E75D142751}.Release|x64.ActiveCfg = Release|x64
		{9EA610C4-46A9-3F47-89CC-61E75D142751}.Release|x64.Build.0 = Release|x64
		{9EA610C4-46A9-3F47-89CC-61E75D142751}.Release|x86.ActiveCfg = Release|Win32
		{9EA610C4-46A9-3F47-89CC-61E75D142751}.Release|x86.Build.0 = Release|Win32
		{5CCFC1FB-3268-6044-80C3-4C1692D75C29}.Debug|Any CPU.ActiveCfg = Debug|Win32
		{5CCFC1FB-3268-6044-80C3-4C1692D75C29}.Debug|x64.ActiveCfg = Debug|x64
		{5CCFC1FB-3268-6044-80C3-4C1692D75C29}.Debug|x64.Build.0 = Debug|x64
		{5CCFC1FB-3268-6044-80C3-4C1692D75C29}.Debug|x86.ActiveCfg = Debug|Win32
		{5CCFC1FB-3268-6044-80C3-4C1692D75C29}.Debug|x86.Build.0 = Debug|Win32
		{5CCFC1FB-3268-6044-80C3-4C1692D75C29}.Export|Any CPU.ActiveCfg = Release|Win32
		{5CCFC1FB-3268-6044-80C3-4C1692D75C29}.Export|x64.ActiveCfg = Release|x64
		{5CCFC1FB-3268-6044-80C3-4C1692D75C29}.Export|x64.Build.0 = Release|x64
		{5CCFC1FB-3268-6044-80C3-4C1692D75C29}.Export|x86.ActiveCfg = Release|Win32
		{5CCFC1FB-3268-6044-80C3-4C1692D75C29}.Export|x86.Build.0 = Release|Win32
		{5CCFC1FB-3268-6044-80C3-4C1692D75C29}.Release|Any CPU.ActiveCfg = Release|Win32
		{5CCFC1FB-3268-6044-80C3-4C1692D75C29}.Release|x64.ActiveCfg = Release|x64
		{5CCFC1FB-3268-6044-80C3-4C1692D75C29}.Release|x64.Build.0 = Release|x64
		{5CCFC1FB-3268-6044-80C3-4C1692D75C29}.Release|x86.ActiveCfg = Release|Win32
		{5CCFC1FB-3268-6044-80C3-4C1692D75C29}.Release|x86.Build.0 = Release|Win32
		{EFE53DDA-55F9-F04C-B1E3-63CB018758A0}.Debug|Any CPU.ActiveCfg = Debug|Win32
		{EFE53DDA-55F9-F04C-B1E3-63CB018758A0}.Debug|x64.ActiveCfg = Debug|x64
		{EFE53DDA-55F9-F04C-B1E3-63CB018758A0}.Debug|x64.Build.0 = Debug|x64
		{EFE53DDA-55F9-F04C-B1E3-63CB018758A0}.Debug|x86.ActiveCfg = Debug|Win32
		{EFE53DDA-55F9-F04C-B1E3-63CB018758A0}.Debug|x86.Build.0 = Debug|Win32
		{EFE53DDA-55F9-F04C-B1E3-63CB018758A0}.Export|Any CPU.ActiveCfg = Release|Win32
		{EFE53DDA-55F9-F04C-B1E3-63CB018758A0}.Export|x64.ActiveCfg = Release|x64
		{EFE53DDA-55F9-F04C-B1E3-63CB018758A0}.Export|x64.Build.0 = Release|x64
		{EFE53DDA-55F9-F04C-B1E3-63CB018758A0}.Export|x86.ActiveCfg = Release|Win32
		{EFE53DDA-55F9-F04C-B1E3-63CB018758A0}.Export|x86.Build.0 = Release|Win32
		{EFE53DDA-55F9-F04C-B1E3-63CB018758A0}.Release|Any CPU.ActiveCfg = Release|Win32
		{EFE53DDA-55F9-F04C-B1E3-63CB018758A0}.Release|x64.ActiveCfg = Release|x64
		{EFE53DDA-55F9-F04C-B1E3-63CB018758A0}.Release|x64.Build.0 = Release|x64
		{EFE53DDA-55F9-F04C-B1E3-63CB018758A0}.Release|x86.ActiveCfg = Release|Win32
		{EFE53DDA-55F9-F04C-B1E3-63CB018758A0}.Release|x86.Build.0 = Release|Win32
		{793E58EC-97D8-BE4D-8900-C3EDEBF293B2}.Debug|Any CPU.ActiveCfg = Debug|Win32
		{793E58EC-97D8-BE4D-8900-C3EDEBF293B2}.Debug|x64.ActiveCfg = Debug|x64
		{793E58EC-97D8-BE4D-8900-C3EDEBF293B2}.Debug|x64.Build.0 = Debug|x64
		{793E58EC-97D8-BE4D-8900-C3EDEBF293B2}.Debug|x86.ActiveCfg = Debug|Win32
		{793E58EC-97D8-BE4D-8900-C3EDEBF293B2}.Debug|x86.Build.0 = Debug|Win32
		{793E58EC-97D8-BE4D-8900-C3EDEBF293B2}.Export|Any CPU.ActiveCfg = Release|Win32
		{793E58EC-97D8-BE4D-8900-C3EDEBF293B2}.Export|x64.ActiveCfg = Release|x64
		{793E58EC-97D8-BE4D-8900-C3EDEBF293B2}.Export|x64.Build.0 = Release|x64
		{793E58EC-97D8-BE4D-8900-C3EDEBF293B2}.Export|x86.ActiveCfg = Release|Win32
		{793E58EC-97D8-BE4D-8900-C3EDEBF293B2}.Export|x86.Build.0 = Release|Win32
		{793E58EC-97D8-BE4D-8900-C3EDEBF293B2}.Release|Any CPU.ActiveCfg = Release|Win32
		{793E58EC-97D8-BE4D-8900-C3EDEBF293B2}.Release|x64.ActiveCfg = Release|x64
		{793E58EC-97D8-BE4D-8900-C3EDEBF293B2}.Release|x64.Build.0 = Release|x64
		{793E58EC-97D8-BE4D-8900-C3EDEBF293B2}.Release|x86.ActiveCfg = Release|Win32
		{793E58EC-97D8-BE4D-8900-C3EDEBF293B2}.Release|x86.Build.0 = Release|Win32
		{80BE6C89-254A-9D47-9247-0D14301528E9}.Debug|Any CPU.ActiveCfg = Debug|Win32
		{80BE6C89-254A-9D47-9247-0D14301528E9}.Debug|x64.ActiveCfg = Debug|x64
		{80BE6C89-254A-9D47-9247-0D14301528E9}.Debug|x64.Build.0 = Debug|x64
		{80BE6C89-254A-9D47-9247-0D14301528E9}.Debug|x86.ActiveCfg = Debug|Win32
		{80BE6C89-254A-9D47-9247-0D14301528E9}.Debug|x86.Build.0 = Debug|Win32
		{80BE6C89-254A-9D47-9247-0D14301528E9}.Export|Any CPU.ActiveCfg = Release|Win32
		{80BE6C89-254A-9D47-9247-0D14301528E9}.Export|x64.ActiveCfg = Release|x64
		{80BE6C89-254A-9D47-9247-0D14301528E9}.Export|x64.Build.0 = Release|x64
		{80BE6C89-254A-9D47-9247-0D14301528E9}.Export|x86.ActiveCfg = Release|Win32
		{80BE6C89-254A-9D47-9247-0D14301528E9}.Export|x86.Build.0 = Release|Win32
		{80BE6C89-254A-9D47-9247-0D14301528E9}.Release|Any CPU.ActiveCfg = Release|Win32
		{80BE6C89-254A-9D47-9247-0D14301528E9}.Release|x64.ActiveCfg = Release|x64
		{80BE6C89-254A-9D47-9247-0D14301528E9}.Release|x64.Build.0 = Release|x64
		{80BE6C89-254A-9D47-9247-0D14301528E9}.Release|x86.ActiveCfg = Release|Win32
		{80BE6C89-254A-9D47-9247-0D14301528E9}.Release|x86.Build.0 = Release|Win32
		{38CD1002-ECEA-4B4C-B7ED-EE3E14D10FF0}.Debug|Any CPU.ActiveCfg = Debug|Win32
		{38CD1002-ECEA-4B4C-B7ED-EE3E14D10FF0}.Debug|x64.ActiveCfg = Debug|x64
		{38CD1002-ECEA-4B4C-B7ED-EE3E14D10FF0}.Debug|x64.Build.0 = Debug|x64
		{38CD1002-ECEA-4B4C-B7ED-EE3E14D10FF0}.Debug|x86.ActiveCfg = Debug|Win32
		{38CD1002-ECEA-4B4C-B7ED-EE3E14D10FF0}.Debug|x86.Build.0 = Debug|Win32
		{38CD1002-ECEA-4B4C-B7ED-EE3E14D10FF0}.Export|Any CPU.ActiveCfg = Release|Win32
		{38CD1002-ECEA-4B4C-B7ED-EE3E14D10FF0}.Export|x64.ActiveCfg = Release|x64
		{38CD1002-ECEA-4B4C-B7ED-EE3E14D10FF0}.Export|x64.Build.0 = Release|x64
		{38CD1002-ECEA-4B4C-B7ED-EE3E14D10FF0}.Export|x86.ActiveCfg = Release|Win32
		{38CD1002-ECEA-4B4C-B7ED-EE3E14D10FF0}.Export|x86.Build.0 = Release|Win32
		{38CD1002-ECEA-4B4C-B7ED-EE3E14D10FF0}.Release|Any CPU.ActiveCfg = Release|Win32
		{38CD1002-ECEA-4B4C-B7ED-EE3E14D10FF0}.Release|x64.ActiveCfg = Release|x64
		{38CD1002-ECEA-4B4C-B7ED-EE3E14D10FF0}.Release|x64.Build.0 = Release|x64
		{38CD1002-ECEA-4B4C-B7ED-EE3E14D10FF0}.Release|x86.ActiveCfg = Release|Win32
		{38CD1002-ECEA-4B4C-B7ED-EE3E14D10FF0}.Release|x86.Build.0 = Release|Win32
		{8AC4C670-D53B-3243-AE90-6D8858474D36}.Debug|Any CPU.ActiveCfg = Debug|Win32
		{8AC4C670-D53B-3243-AE90-6D8858474D36}.Debug|x64.ActiveCfg = Debug|x64
		{8AC4C670-D53B-3243-AE90-6D8858474D36}.Debug|x64.Build.0 = Debug|x64
		{8AC4C670-D53B-3243-AE90-6D8858474D36}.Debug|x86.ActiveCfg = Debug|Win32
		{8AC4C670-D53B-3243-AE90-6D8858474D36}.Debug|x86.Build.0 = Debug|Win32
		{8AC4C670-D53B-3243-AE90-6D8858474D36}.Export|Any CPU.ActiveCfg = Release|Win32
		{8AC4C670-D53B-3243-AE90-6D8858474D36}.Export|x64.ActiveCfg = Release|x64
		{8AC4C670-D53B-3243-AE90-6D8858474D36}.Export|x64.Build.0 = Release|x64
		{8AC4C670-D53B-3243-AE90-6D8858474D36}.Export|x86.ActiveCfg = Release|Win32
		{8AC4C670-D53B-3243-AE90-6D8858474D36}.Export|x86.Build.0 = Release|Win32
		{8AC4C670-D53B-3243-AE90-6D8858474D36}.Release|Any CPU.ActiveCfg = Release|Win32
		{8AC4C670-D53B-3243-AE90-6D8858474D36}.Release|x64.ActiveCfg = Release|x64
		{8AC4C670-D53B-3243-AE90-6D8858474D36}.Release|x64.Build.0 = Release|x64
		{8AC4C670-D53B-3243-AE90-6D8858474D36}.Release|x86.ActiveCfg = Release|Win32
		{8AC4C670-D53B-3243-AE90-6D8858474D36}.Release|x86.Build.0 = Release|Win32
		{CD0FBE54-2747-DE45-B822-32760D53CB95}.Debug|Any CPU.ActiveCfg = Debug|Win32
		{CD0FBE54-2747-DE45-B822-32760D53CB95}.Debug|x64.ActiveCfg = Debug|x64
		{CD0FBE54-2747-DE45-B822-32760D53CB95}.Debug|x64.Build.0 = Debug|x64
		{CD0FBE54-2747-DE45-B822-32760D53CB95}.Debug|x86.ActiveCfg = Debug|Win32
		{CD0FBE54-2747-DE45-B822-32760D53CB95}.Debug|x86.Build.0 = Debug|Win32
		{CD0FBE54-2747-DE45-B822-32760D53CB95}.Export|Any CPU.ActiveCfg = Release|Win32
		{CD0FBE54-2747-DE45-B822-32760D53CB95}.Export|x64.ActiveCfg = Release|x64
		{CD0FBE54-2747-DE45-B822-32760D53CB95}.Export|x64.Build.0 = Release|x64
		{CD0FBE54-2747-DE45-B822-32760D53CB95}.Export|x86.ActiveCfg = Release|Win32
		{CD0FBE54-2747-DE45-B822-32760D53CB95}.Export|x86.Build.0 = Release|Win32
		{CD0FBE54-2747-DE45-B822-32760D53CB95}.Release|Any CPU.ActiveCfg = Release|Win32
		{CD0FBE54-2747-DE45-B822-32760D53CB95}.Release|x64.ActiveCfg = Release|x64
		{CD0FBE54-2747-DE45-B822-32760D53CB95}.Release|x64.Build.0 = Release|x64
		{CD0FBE54-2747-DE45-B822-32760D53CB95}.Release|x86.ActiveCfg = Release|Win32
		{CD0FBE54-2747-DE45-B822-32760D53CB95}.Release|x86.Build.0 = Release|Win32
		{3545B27B-F7F1-FC46-A128-28B289F14DB9}.Debug|Any CPU.ActiveCfg = Debug|Win32
		{3545B27B-F7F1-FC46-A128-28B289F14DB9}.Debug|x64.ActiveCfg = Debug|x64
		{3545B27B-F7F1-FC46-A128-28B289F14DB9}.Debug|x64.Build.0 = Debug|x64
		{3545B27B-F7F1-FC46-A128-28B289F14DB9}.Debug|x86.ActiveCfg = Debug|Win32
		{3545B27B-F7F1-FC46-A128-28B289F14DB9}.Debug|x86.Build.0 = Debug|Win32
		{3545B27B-F7F1-FC46-A128-28B289F14DB9}.Export|Any CPU.ActiveCfg = Release|Win32
		{3545B27B-F7F1-FC46-A128-28B289F14DB9}.Export|x64.ActiveCfg = Release|x64
		{3545B27B-F7F1-FC46-A128-28B289F14DB9}.Export|x64.Build.0 = Release|x64
		{3545B27B-F7F1-FC46-A128-28B289F14DB9}.Export|x86.ActiveCfg = Release|Win32
		{3545B27B-F7F1-FC46-A128-28B289F14DB9}.Export|x86.Build.0 = Release|Win32
		{3545B27B-F7F1-FC46-A128-28B289F14DB9}.Release|Any CPU.ActiveCfg = Release|Win32
		{3545B27B-F7F1-FC46-A128-28B289F14DB9}.Release|x64.ActiveCfg = Release|x64
		{3545B27B-F7F1-FC46-A128-28B289F14DB9}.Release|x64.Build.0 = Release|x64
		{3545B27B-F7F1-FC46-A128-28B289F14DB9}.Release|x86.ActiveCfg = Release|Win32
		{3545B27B-F7F1-FC46-A128-28B289F14DB9}.Release|x86.Build.0 = Release|Win32
		{4AC66FA9-9F10-D54E-BF6F-23824AE32E6D}.Debug|Any CPU.ActiveCfg = Debug|Win32
		{4AC66FA9-9F10-D54E-BF6F-23824AE32E6D}.Debug|x64.ActiveCfg = Debug|x64
		{4AC66FA9-9F10-D54E-BF6F-23824AE32E6D}.Debug|x64.Build.0 = Debug|x64
		{4AC66FA9-9F10-D54E-BF6F-23824AE32E6D}.Debug|x86.ActiveCfg = Debug|Win32
		{4AC66FA9-9F10-D54E-BF6F-23824AE32E6D}.Debug|x86.Build.0 = Debug|Win32
		{4AC66FA9-9F10-D54E-BF6F-23824AE32E6D}.Export|Any CPU.ActiveCfg = Release|Win32
		{4AC66FA9-9F10-D54E-BF6F-23824AE32E6D}.Export|x64.ActiveCfg = Release|x64
		{4AC66FA9-9F10-D54E-BF6F-23824AE32E6D}.Export|x64.Build.0 = Release|x64
		{4AC66FA9-9F10-D54E-BF6F-23824AE32E6D}.Export|x86.ActiveCfg = Release|Win32
		{4AC66FA9-9F10-D54E-BF6F-23824AE32E6D}.Export|x86.Build.0 = Release|Win32
		{4AC66FA9-9F10-D54E-BF6F-23824AE32E6D}.Release|Any CPU.ActiveCfg = Release|Win32
		{4AC66FA9-9F10-D54E-BF6F-23824AE32E6D}.Release|x64.ActiveCfg = Release|x64
		{4AC66FA9-9F10-D54E-BF6F-23824AE32E6D}.Release|x64.Build.0 = Release|x64
		{4AC66FA9-9F10-D54E-BF6F-23824AE32E6D}.Release|x86.ActiveCfg = Release|Win32
		{4AC66FA9-9F10-D54E-BF6F-23824AE32E6D}.Release|x86.Build.0 = Release|Win32
		{FEEB5569-C32D-574D-9D32-40C15F1A7DC0}.Debug|Any CPU.ActiveCfg = Debug|Win32
		{FEEB5569-C32D-574D-9D32-40C15F1A7DC0}.Debug|x64.ActiveCfg = Debug|x64
		{FEEB5569-C32D-574D-9D32-40C15F1A7DC0}.Debug|x64.Build.0 = Debug|x64
		{FEEB5569-C32D-574D-9D32-40C15F1A7DC0}.Debug|x86.ActiveCfg = Debug|Win32
		{FEEB5569-C32D-574D-9D32-40C15F1A7DC0}.Debug|x86.Build.0 = Debug|Win32
		{FEEB5569-C32D-574D-9D32-40C15F1A7DC0}.Export|Any CPU.ActiveCfg = Release|Win32
		{FEEB5569-C32D-574D-9D32-40C15F1A7DC0}.Export|x64.ActiveCfg = Release|x64
		{FEEB5569-C32D-574D-9D32-40C15F1A7DC0}.Export|x64.Build.0 = Release|x64
		{FEEB5569-C32D-574D-9D32-40C15F1A7DC0}.Export|x86.ActiveCfg = Release|Win32
		{FEEB5569-C32D-574D-9D32-40C15F1A7DC0}.Export|x86.Build.0 = Release|Win32
		{FEEB5569-C32D-574D-9D32-40C15F1A7DC0}.Release|Any CPU.ActiveCfg = Release|Win32
		{FEEB5569-C32D-574D-9D32-40C15F1A7DC0}.Release|x64.ActiveCfg = Release|x64
		{FEEB5569-C32D-574D-9D32-40C15F1A7DC0}.Release|x64.Build.0 = Release|x64
		{FEEB5569-C32D-574D-9D32-40C15F1A7DC0}.Release|x86.ActiveCfg = Release|Win32
		{FEEB5569-C32D-574D-9D32-40C15F1A7DC0}.Release|x86.Build.0 = Release|Win32
		{F4726716-1F0A-6249-9131-D9E43CE0DE81}.Debug|Any CPU.ActiveCfg = Debug|Win32
		{F4726716-1F0A-6249-9131-D9E43CE0DE81}.Debug|x64.ActiveCfg = Debug|x64
		{F4726716-1F0A-6249-9131-D9E43CE0DE81}.Debug|x64.Build.0 = Debug|x64
		{F4726716-1F0A-6249-9131-D9E43CE0DE81}.Debug|x86.ActiveCfg = Debug|Win32
		{F4726716-1F0A-6249-9131-D9E43CE0DE81}.Debug|x86.Build.0 = Debug|Win32
		{F4726716-1F0A-6249-9131-D9E43CE0DE81}.Export|Any CPU.ActiveCfg = Release|Win32
		{F4726716-1F0A-6249-9131-D9E43CE0DE81}.Export|x64.ActiveCfg = Release|x64
		{F4726716-1F0A-6249-9131-D9E43CE0DE81}.Export|x64.Build.0 = Release|x64
		{F4726716-1F0A-6249-9131-D9E43CE0DE81}.Export|x86.ActiveCfg = Release|Win32
		{F4726716-1F0A-6249-9131-D9E43CE0DE81}.Export|x86.Build.0 = Release|Win32
		{F4726716-1F0A-6249-9131-D9E43CE0DE81}.Release|Any CPU.ActiveCfg = Release|Win32
		{F4726716-1F0A-6249-9131-D9E43CE0DE81}.Release|x64.ActiveCfg = Release|x64
		{F4726716-1F0A-6249-9131-D9E43CE0DE81}.Release|x64.Build.0 = Release|x64
		{F4726716-1F0A-6249-9131-D9E43CE0DE81}.Release|x86.ActiveCfg = Release|Win32
		{F4726716-1F0A-6249-9131-D9E43CE0DE81}.Release|x86.Build.0 = Release|Win32
		{AF15FD9A-8770-4146-A432-C7E79488F258}.Debug|Any CPU.ActiveCfg = Debug|Win32
		{AF15FD9A-8770-4146-A432-C7E79488F258}.Debug|x64.ActiveCfg = Debug|x64
		{AF15FD9A-8770-4146-A432-C7E79488F258}.Debug|x64.Build.0 = Debug|x64
		{AF15FD9A-8770-4146-A432-C7E79488F258}.Debug|x86.ActiveCfg = Debug|Win32
		{AF15FD9A-8770-4146-A432-C7E79488F258}.Debug|x86.Build.0 = Debug|Win32
		{AF15FD9A-8770-4146-A432-C7E79488F258}.Export|Any CPU.ActiveCfg = Release|Win32
		{AF15FD9A-8770-4146-A432-C7E79488F258}.Export|x64.ActiveCfg = Release|x64
		{AF15FD9A-8770-4146-A432-C7E79488F258}.Export|x64.Build.0 = Release|x64
		{AF15FD9A-8770-4146-A432-C7E79488F258}.Export|x86.ActiveCfg = Release|Win32
		{AF15FD9A-8770-4146-A432-C7E79488F258}.Export|x86.Build.0 = Release|Win32
		{AF15FD9A-8770-4146-A432-C7E79488F258}.Release|Any CPU.ActiveCfg = Release|Win32
		{AF15FD9A-8770-4146-A432-C7E79488F258}.Release|x64.ActiveCfg = Release|x64
		{AF15FD9A-8770-4146-A432-C7E79488F258}.Release|x64.Build.0 = Release|x64
		{AF15FD9A-8770-4146-A432-C7E79488F258}.Release|x86.ActiveCfg = Release|Win32
		{AF15FD9A-8770-4146-A432-C7E79488F258}.Release|x86.Build.0 = Release|Win32
		{8659715B-75D7-984C-8865-B8753FD0BDCE}.Debug|Any CPU.ActiveCfg = Debug|Win32
		{8659715B-75D7-984C-8865-B8753FD0BDCE}.Debug|x64.ActiveCfg = Debug|x64
		{8659715B-75D7-984C-8865-B8753FD0BDCE}.Debug|x64.Build.0 = Debug|x64
		{8659715B-75D7-984C-8865-B8753FD0BDCE}.Debug|x86.ActiveCfg = Debug|Win32
		{8659715B-75D7-984C-8865-B8753FD0BDCE}.Debug|x86.Build.0 = Debug|Win32
		{8659715B-75D7-984C-8865-B8753FD0BDCE}.Export|Any CPU.ActiveCfg = Release|Win32
		{8659715B-75D7-984C-8865-B8753FD0BDCE}.Export|x64.ActiveCfg = Release|x64
		{8659715B-75D7-984C-8865-B8753FD0BDCE}.Export|x64.Build.0 = Release|x64
		{8659715B-75D7-984C-8865-B8753FD0BDCE}.Export|x86.ActiveCfg = Release|Win32
		{8659715B-75D7-984C-8865-B8753FD0BDCE}.Export|x86.Build.0 = Release|Win32
		{8659715B-75D7-984C-8865-B8753FD0BDCE}.Release|Any CPU.ActiveCfg = Release|Win32
		{8659715B-75D7-984C-8865-B8753FD0BDCE}.Release|x64.ActiveCfg = Release|x64
		{8659715B-75D7-984C-8865-B8753FD0BDCE}.Release|x64.Build.0 = Release|x64
		{8659715B-75D7-984C-8865-B8753FD0BDCE}.Release|x86.ActiveCfg = Release|Win32
		{8659715B-75D7-984C-8865-B8753FD0BDCE}.Release|x86.Build.0 = Release|Win32
		{5C5B57C1-1FEA-4558-A4C3-12CBC8FD9D66}.Debug|Any CPU.ActiveCfg = Debug|Win32
		{5C5B57C1-1FEA-4558-A4C3-12CBC8FD9D66}.Debug|x64.ActiveCfg = Debug|x64
		{5C5B57C1-1FEA-4558-A4C3-12CBC8FD9D66}.Debug|x64.Build.0 = Debug|x64
		{5C5B57C1-1FEA-4558-A4C3-12CBC8FD9D66}.Debug|x86.ActiveCfg = Debug|Win32
		{5C5B57C1-1FEA-4558-A4C3-12CBC8FD9D66}.Debug|x86.Build.0 = Debug|Win32
		{5C5B57C1-1FEA-4558-A4C3-12CBC8FD9D66}.Export|Any CPU.ActiveCfg = Release|Win32
		{5C5B57C1-1FEA-4558-A4C3-12CBC8FD9D66}.Export|Any CPU.Build.0 = Release|Win32
		{5C5B57C1-1FEA-4558-A4C3-12CBC8FD9D66}.Export|x64.ActiveCfg = Release|x64
		{5C5B57C1-1FEA-4558-A4C3-12CBC8FD9D66}.Export|x64.Build.0 = Release|x64
		{5C5B57C1-1FEA-4558-A4C3-12CBC8FD9D66}.Export|x86.ActiveCfg = Release|Win32
		{5C5B57C1-1FEA-4558-A4C3-12CBC8FD9D66}.Export|x86.Build.0 = Release|Win32
		{5C5B57C1-1FEA-4558-A4C3-12CBC8FD9D66}.Release|Any CPU.ActiveCfg = Release|Win32
		{5C5B57C1-1FEA-4558-A4C3-12CBC8FD9D66}.Release|x64.ActiveCfg = Release|x64
		{5C5B57C1-1FEA-4558-A4C3-12CBC8FD9D66}.Release|x64.Build.0 = Release|x64
		{5C5B57C1-1FEA-4558-A4C3-12CBC8FD9D66}.Release|x86.ActiveCfg = Release|Win32
		{5C5B57C1-1FEA-4558-A4C3-12CBC8FD9D66}.Release|x86.Build.0 = Release|Win32
		{ACBD7079-863C-449A-81BC-E5C694580D84}.Debug|Any CPU.ActiveCfg = Debug|Win32
		{ACBD7079-863C-449A-81BC-E5C694580D84}.Debug|x64.ActiveCfg = Debug|x64
		{ACBD7079-863C-449A-81BC-E5C694580D84}.Debug|x64.Build.0 = Debug|x64
		{ACBD7079-863C-449A-81BC-E5C694580D84}.Debug|x86.ActiveCfg = Debug|Win32
		{ACBD7079-863C-449A-81BC-E5C694580D84}.Debug|x86.Build.0 = Debug|Win32
		{ACBD7079-863C-449A-81BC-E5C694580D84}.Export|Any CPU.ActiveCfg = Release|Win32
		{ACBD7079-863C-449A-81BC-E5C694580D84}.Export|Any CPU.Build.0 = Release|Win32
		{ACBD7079-863C-449A-81BC-E5C694580D84}.Export|x64.ActiveCfg = Release|x64
		{ACBD7079-863C-449A-81BC-E5C694580D84}.Export|x64.Build.0 = Release|x64
		{ACBD7079-863C-449A-81BC-E5C694580D84}.Export|x86.ActiveCfg = Release|Win32
		{ACBD7079-863C-449A-81BC-E5C694580D84}.Export|x86.Build.0 = Release|Win32
		{ACBD7079-863C-449A-81BC-E5C694580D84}.Release|Any CPU.ActiveCfg = Release|Win32
		{ACBD7079-863C-449A-81BC-E5C694580D84}.Release|x64.ActiveCfg = Release|x64
		{ACBD7079-863C-449A-81BC-E5C694580D84}.Release|x64.Build.0 = Release|x64
		{ACBD7079-863C-449A-81BC-E5C694580D84}.Release|x86.ActiveCfg = Release|Win32
		{ACBD7079-863C-449A-81BC-E5C694580D84}.Release|x86.Build.0 = Release|Win32
		{6C967FF6-D464-453B-9DEF-3BB342B6A4A1}.Debug|Any CPU.ActiveCfg = Debug|Win32
		{6C967FF6-D464-453B-9DEF-3BB342B6A4A1}.Debug|x64.ActiveCfg = Debug|x64
		{6C967FF6-D464-453B-9DEF-3BB342B6A4A1}.Debug|x64.Build.0 = Debug|x64
		{6C967FF6-D464-453B-9DEF-3BB342B6A4A1}.Debug|x86.ActiveCfg = Debug|Win32
		{6C967FF6-D464-453B-9DEF-3BB342B6A4A1}.Debug|x86.Build.0 = Debug|Win32
		{6C967FF6-D464-453B-9DEF-3BB342B6A4A1}.Export|Any CPU.ActiveCfg = Release|Win32
		{6C967FF6-D464-453B-9DEF-3BB342B6A4A1}.Export|Any CPU.Build.0 = Release|Win32
		{6C967FF6-D464-453B-9DEF-3BB342B6A4A1}.Export|x64.ActiveCfg = Release|x64
		{6C967FF6-D464-453B-9DEF-3BB342B6A4A1}.Export|x64.Build.0 = Release|x64
		{6C967FF6-D464-453B-9DEF-3BB342B6A4A1}.Export|x86.ActiveCfg = Release|Win32
		{6C967FF6-D464-453B-9DEF-3BB342B6A4A1}.Export|x86.Build.0 = Release|Win32
		{6C967FF6-D464-453B-9DEF-3BB342B6A4A1}.Release|Any CPU.ActiveCfg = Release|Win32
		{6C967FF6-D464-453B-9DEF-3BB342B6A4A1}.Release|x64.ActiveCfg = Release|x64
		{6C967FF6-D464-453B-9DEF-3BB342B6A4A1}.Release|x64.Build.0 = Release|x64
		{6C967FF6-D464-453B-9DEF-3BB342B6A4A1}.Release|x86.ActiveCfg = Release|Win32
		{6C967FF6-D464-453B-9DEF-3BB342B6A4A1}.Release|x86.Build.0 = Release|Win32
		{53CBB3EF-CCD9-422A-9369-55FAD6E5FCEC}.Debug|Any CPU.ActiveCfg = Debug|Win32
		{53CBB3EF-CCD9-422A-9369-55FAD6E5FCEC}.Debug|x64.ActiveCfg = Debug|x64
		{53CBB3EF-CCD9-422A-9369-55FAD6E5FCEC}.Debug|x64.Build.0 = Debug|x64
		{53CBB3EF-CCD9-422A-9369-55FAD6E5FCEC}.Debug|x86.ActiveCfg = Debug|Win32
		{53CBB3EF-CCD9-422A-9369-55FAD6E5FCEC}.Debug|x86.Build.0 = Debug|Win32
		{53CBB3EF-CCD9-422A-9369-55FAD6E5FCEC}.Export|Any CPU.ActiveCfg = Release|Win32
		{53CBB3EF-CCD9-422A-9369-55FAD6E5FCEC}.Export|Any CPU.Build.0 = Release|Win32
		{53CBB3EF-CCD9-422A-9369-55FAD6E5FCEC}.Export|x64.ActiveCfg = Release|x64
		{53CBB3EF-CCD9-422A-9369-55FAD6E5FCEC}.Export|x64.Build.0 = Release|x64
		{53CBB3EF-CCD9-422A-9369-55FAD6E5FCEC}.Export|x86.ActiveCfg = Release|Win32
		{53CBB3EF-CCD9-422A-9369-55FAD6E5FCEC}.Export|x86.Build.0 = Release|Win32
		{53CBB3EF-CCD9-422A-9369-55FAD6E5FCEC}.Release|Any CPU.ActiveCfg = Release|Win32
		{53CBB3EF-CCD9-422A-9369-55FAD6E5FCEC}.Release|x64.ActiveCfg = Release|x64
		{53CBB3EF-CCD9-422A-9369-55FAD6E5FCEC}.Release|x64.Build.0 = Release|x64
		{53CBB3EF-CCD9-422A-9369-55FAD6E5FCEC}.Release|x86.ActiveCfg = Release|Win32
		{53CBB3EF-CCD9-422A-9369-55FAD6E5FCEC}.Release|x86.Build.0 = Release|Win32
		{17DB7EA6-1867-4205-8B78-6E039EF4250A}.Debug|Any CPU.ActiveCfg = Debug|Any CPU
		{17DB7EA6-1867-4205-8B78-6E039EF4250A}.Debug|Any CPU.Build.0 = Debug|Any CPU
		{17DB7EA6-1867-4205-8B78-6E039EF4250A}.Debug|x64.ActiveCfg = Debug|Any CPU
		{17DB7EA6-1867-4205-8B78-6E039EF4250A}.Debug|x64.Build.0 = Debug|Any CPU
		{17DB7EA6-1867-4205-8B78-6E039EF4250A}.Debug|x86.ActiveCfg = Debug|Any CPU
		{17DB7EA6-1867-4205-8B78-6E039EF4250A}.Debug|x86.Build.0 = Debug|Any CPU
		{17DB7EA6-1867-4205-8B78-6E039EF4250A}.Export|Any CPU.ActiveCfg = Debug|Any CPU
		{17DB7EA6-1867-4205-8B78-6E039EF4250A}.Export|Any CPU.Build.0 = Debug|Any CPU
		{17DB7EA6-1867-4205-8B78-6E039EF4250A}.Export|x64.ActiveCfg = Debug|Any CPU
		{17DB7EA6-1867-4205-8B78-6E039EF4250A}.Export|x64.Build.0 = Debug|Any CPU
		{17DB7EA6-1867-4205-8B78-6E039EF4250A}.Export|x86.ActiveCfg = Debug|Any CPU
		{17DB7EA6-1867-4205-8B78-6E039EF4250A}.Export|x86.Build.0 = Debug|Any CPU
		{17DB7EA6-1867-4205-8B78-6E039EF4250A}.Release|Any CPU.ActiveCfg = Release|Any CPU
		{17DB7EA6-1867-4205-8B78-6E039EF4250A}.Release|Any CPU.Build.0 = Release|Any CPU
		{17DB7EA6-1867-4205-8B78-6E039EF4250A}.Release|x64.ActiveCfg = Release|Any CPU
		{17DB7EA6-1867-4205-8B78-6E039EF4250A}.Release|x64.Build.0 = Release|Any CPU
		{17DB7EA6-1867-4205-8B78-6E039EF4250A}.Release|x86.ActiveCfg = Release|Any CPU
		{17DB7EA6-1867-4205-8B78-6E039EF4250A}.Release|x86.Build.0 = Release|Any CPU
	EndGlobalSection
	GlobalSection(SolutionProperties) = preSolution
		HideSolutionNode = FALSE
	EndGlobalSection
	GlobalSection(NestedProjects) = preSolution
		{A1BEC4B9-F16A-4D37-B4E3-8A4EB6680D47} = {0D3144BF-08E5-4A47-BC31-625428A35E03}
		{9EA610C4-46A9-3F47-89CC-61E75D142751} = {D36F51EF-019C-4F05-91BB-3C641357AC5A}
		{5CCFC1FB-3268-6044-80C3-4C1692D75C29} = {D36F51EF-019C-4F05-91BB-3C641357AC5A}
		{EFE53DDA-55F9-F04C-B1E3-63CB018758A0} = {D36F51EF-019C-4F05-91BB-3C641357AC5A}
		{793E58EC-97D8-BE4D-8900-C3EDEBF293B2} = {D36F51EF-019C-4F05-91BB-3C641357AC5A}
		{80BE6C89-254A-9D47-9247-0D14301528E9} = {D36F51EF-019C-4F05-91BB-3C641357AC5A}
		{38CD1002-ECEA-4B4C-B7ED-EE3E14D10FF0} = {D36F51EF-019C-4F05-91BB-3C641357AC5A}
		{8AC4C670-D53B-3243-AE90-6D8858474D36} = {D36F51EF-019C-4F05-91BB-3C641357AC5A}
		{CD0FBE54-2747-DE45-B822-32760D53CB95} = {D36F51EF-019C-4F05-91BB-3C641357AC5A}
		{3545B27B-F7F1-FC46-A128-28B289F14DB9} = {D36F51EF-019C-4F05-91BB-3C641357AC5A}
		{4AC66FA9-9F10-D54E-BF6F-23824AE32E6D} = {D36F51EF-019C-4F05-91BB-3C641357AC5A}
		{FEEB5569-C32D-574D-9D32-40C15F1A7DC0} = {D36F51EF-019C-4F05-91BB-3C641357AC5A}
		{F4726716-1F0A-6249-9131-D9E43CE0DE81} = {D36F51EF-019C-4F05-91BB-3C641357AC5A}
		{AF15FD9A-8770-4146-A432-C7E79488F258} = {D36F51EF-019C-4F05-91BB-3C641357AC5A}
		{8659715B-75D7-984C-8865-B8753FD0BDCE} = {D36F51EF-019C-4F05-91BB-3C641357AC5A}
		{5C5B57C1-1FEA-4558-A4C3-12CBC8FD9D66} = {0D3144BF-08E5-4A47-BC31-625428A35E03}
		{ACBD7079-863C-449A-81BC-E5C694580D84} = {0D3144BF-08E5-4A47-BC31-625428A35E03}
		{53CBB3EF-CCD9-422A-9369-55FAD6E5FCEC} = {0D3144BF-08E5-4A47-BC31-625428A35E03}
		{17DB7EA6-1867-4205-8B78-6E039EF4250A} = {7B790D0D-D0C8-49BC-BAF1-74D38D270795}
	EndGlobalSection
	GlobalSection(ExtensibilityGlobals) = postSolution
		SolutionGuid = {5911E9B9-FF1E-4BAB-9588-F1BDABFCA568}
	EndGlobalSection
EndGlobal
