
Microsoft Visual Studio Solution File, Format Version 12.00
# Visual Studio Version 16
VisualStudioVersion = 16.0.29519.181
MinimumVisualStudioVersion = 10.0.40219.1
Project("{8BC9CEB8-8B4A-11D0-8D11-00A0C91BC942}") = "ProceduralLandscapeLibrary", "Modules\ProceduralLandscapeLibrary\ProceduralLandscapeLibrary.vcxproj", "{A1BEC4B9-F16A-4D37-B4E3-8A4EB6680D47}"
EndProject
Project("{8BC9CEB8-8B4A-11D0-8D11-00A0C91BC942}") = "Engine", "Modules\Engine\Engine.vcxproj", "{0000000E-0000-0000-0000-000000000000}"
	ProjectSection(ProjectDependencies) = postProject
		{ACBD7079-863C-449A-81BC-E5C694580D84} = {ACBD7079-863C-449A-81BC-E5C694580D84}
		{A1BEC4B9-F16A-4D37-B4E3-8A4EB6680D47} = {A1BEC4B9-F16A-4D37-B4E3-8A4EB6680D47}
		{5C5B57C1-1FEA-4558-A4C3-12CBC8FD9D66} = {5C5B57C1-1FEA-4558-A4C3-12CBC8FD9D66}
		{53CBB3EF-CCD9-422A-9369-55FAD6E5FCEC} = {53CBB3EF-CCD9-422A-9369-55FAD6E5FCEC}
	EndProjectSection
EndProject
Project("{8BC9CEB8-8B4A-11D0-8D11-00A0C91BC942}") = "ImGui", "Modules\ImGui\ImGui.vcxproj", "{5C5B57C1-1FEA-4558-A4C3-12CBC8FD9D66}"
	ProjectSection(ProjectDependencies) = postProject
		{53CBB3EF-CCD9-422A-9369-55FAD6E5FCEC} = {53CBB3EF-CCD9-422A-9369-55FAD6E5FCEC}
	EndProjectSection
EndProject
Project("{8BC9CEB8-8B4A-11D0-8D11-00A0C91BC942}") = "Stdbi", "Modules\Stdbi\Stdbi.vcxproj", "{ACBD7079-863C-449A-81BC-E5C694580D84}"
EndProject
Project("{8BC9CEB8-8B4A-11D0-8D11-00A0C91BC942}") = "Editor", "Modules\Editor\Editor.vcxproj", "{000000ED-0000-0000-0000-000000000000}"
	ProjectSection(ProjectDependencies) = postProject
		{0000000E-0000-0000-0000-000000000000} = {0000000E-0000-0000-0000-000000000000}
	EndProjectSection
EndProject
Project("{8BC9CEB8-8B4A-11D0-8D11-00A0C91BC942}") = "Glad", "Modules\Glad\Glad.vcxproj", "{53CBB3EF-CCD9-422A-9369-55FAD6E5FCEC}"
EndProject
Project("{9A19103F-16F7-4668-BE54-9A1E7A4F7556}") = "ProjectBuilder", "Tools\ProjectBuilder\ProjectBuilder.csproj", "{17DB7EA6-1867-4205-8B78-6E039EF4250A}"
EndProject
Project("{2150E333-8FDC-42A3-9474-1A3956D46DE8}") = "Tools", "Tools", "{7B790D0D-D0C8-49BC-BAF1-74D38D270795}"
EndProject
Project("{2150E333-8FDC-42A3-9474-1A3956D46DE8}") = "Library", "Library", "{0D3144BF-08E5-4A47-BC31-625428A35E03}"
EndProject
Global
	GlobalSection(SolutionConfigurationPlatforms) = preSolution
		Debug|Any CPU = Debug|Any CPU
		Debug|x64 = Debug|x64
		Debug|x86 = Debug|x86
		Export|Any CPU = Export|Any CPU
		Export|x64 = Export|x64
		Export|x86 = Export|x86
		Release|Any CPU = Release|Any CPU
		Release|x64 = Release|x64
		Release|x86 = Release|x86
	EndGlobalSection
	GlobalSection(ProjectConfigurationPlatforms) = postSolution
		{A1BEC4B9-F16A-4D37-B4E3-8A4EB6680D47}.Debug|Any CPU.ActiveCfg = Debug|Win32
		{A1BEC4B9-F16A-4D37-B4E3-8A4EB6680D47}.Debug|x64.ActiveCfg = Debug|x64
		{A1BEC4B9-F16A-4D37-B4E3-8A4EB6680D47}.Debug|x64.Build.0 = Debug|x64
		{A1BEC4B9-F16A-4D37-B4E3-8A4EB6680D47}.Debug|x86.ActiveCfg = Debug|Win32
		{A1BEC4B9-F16A-4D37-B4E3-8A4EB6680D47}.Debug|x86.Build.0 = Debug|Win32
		{A1BEC4B9-F16A-4D37-B4E3-8A4EB6680D47}.Export|Any CPU.ActiveCfg = Release|Win32
		{A1BEC4B9-F16A-4D37-B4E3-8A4EB6680D47}.Export|Any CPU.Build.0 = Release|Win32
		{A1BEC4B9-F16A-4D37-B4E3-8A4EB6680D47}.Export|x64.ActiveCfg = Release|x64
		{A1BEC4B9-F16A-4D37-B4E3-8A4EB6680D47}.Export|x64.Build.0 = Release|x64
		{A1BEC4B9-F16A-4D37-B4E3-8A4EB6680D47}.Export|x86.ActiveCfg = Release|Win32
		{A1BEC4B9-F16A-4D37-B4E3-8A4EB6680D47}.Export|x86.Build.0 = Release|Win32
		{A1BEC4B9-F16A-4D37-B4E3-8A4EB6680D47}.Release|Any CPU.ActiveCfg = Release|Win32
		{A1BEC4B9-F16A-4D37-B4E3-8A4EB6680D47}.Release|x64.ActiveCfg = Release|x64
		{A1BEC4B9-F16A-4D37-B4E3-8A4EB6680D47}.Release|x64.Build.0 = Release|x64
		{A1BEC4B9-F16A-4D37-B4E3-8A4EB6680D47}.Release|x86.ActiveCfg = Release|Win32
		{A1BEC4B9-F16A-4D37-B4E3-8A4EB6680D47}.Release|x86.Build.0 = Release|Win32
		{0000000E-0000-0000-0000-000000000000}.Debug|Any CPU.ActiveCfg = Debug|Win32
		{0000000E-0000-0000-0000-000000000000}.Debug|x64.ActiveCfg = Debug|x64
		{0000000E-0000-0000-0000-000000000000}.Debug|x64.Build.0 = Debug|x64
		{0000000E-0000-0000-0000-000000000000}.Debug|x86.ActiveCfg = Debug|Win32
		{0000000E-0000-0000-0000-000000000000}.Debug|x86.Build.0 = Debug|Win32
		{0000000E-0000-0000-0000-000000000000}.Export|Any CPU.ActiveCfg = Release|Win32
		{0000000E-0000-0000-0000-000000000000}.Export|Any CPU.Build.0 = Release|Win32
		{0000000E-0000-0000-0000-000000000000}.Export|x64.ActiveCfg = Release|x64
		{0000000E-0000-0000-0000-000000000000}.Export|x64.Build.0 = Release|x64
		{0000000E-0000-0000-0000-000000000000}.Export|x86.ActiveCfg = Release|Win32
		{0000000E-0000-0000-0000-000000000000}.Export|x86.Build.0 = Release|Win32
		{0000000E-0000-0000-0000-000000000000}.Release|Any CPU.ActiveCfg = Release|Win32
		{0000000E-0000-0000-0000-000000000000}.Release|x64.ActiveCfg = Release|x64
		{0000000E-0000-0000-0000-000000000000}.Release|x64.Build.0 = Release|x64
		{0000000E-0000-0000-0000-000000000000}.Release|x86.ActiveCfg = Release|Win32
		{0000000E-0000-0000-0000-000000000000}.Release|x86.Build.0 = Release|Win32
		{5C5B57C1-1FEA-4558-A4C3-12CBC8FD9D66}.Debug|Any CPU.ActiveCfg = Debug|Win32
		{5C5B57C1-1FEA-4558-A4C3-12CBC8FD9D66}.Debug|x64.ActiveCfg = Debug|x64
		{5C5B57C1-1FEA-4558-A4C3-12CBC8FD9D66}.Debug|x64.Build.0 = Debug|x64
		{5C5B57C1-1FEA-4558-A4C3-12CBC8FD9D66}.Debug|x86.ActiveCfg = Debug|Win32
		{5C5B57C1-1FEA-4558-A4C3-12CBC8FD9D66}.Debug|x86.Build.0 = Debug|Win32
		{5C5B57C1-1FEA-4558-A4C3-12CBC8FD9D66}.Export|Any CPU.ActiveCfg = Release|Win32
		{5C5B57C1-1FEA-4558-A4C3-12CBC8FD9D66}.Export|Any CPU.Build.0 = Release|Win32
		{5C5B57C1-1FEA-4558-A4C3-12CBC8FD9D66}.Export|x64.ActiveCfg = Release|x64
		{5C5B57C1-1FEA-4558-A4C3-12CBC8FD9D66}.Export|x64.Build.0 = Release|x64
		{5C5B57C1-1FEA-4558-A4C3-12CBC8FD9D66}.Export|x86.ActiveCfg = Release|Win32
		{5C5B57C1-1FEA-4558-A4C3-12CBC8FD9D66}.Export|x86.Build.0 = Release|Win32
		{5C5B57C1-1FEA-4558-A4C3-12CBC8FD9D66}.Release|Any CPU.ActiveCfg = Release|Win32
		{5C5B57C1-1FEA-4558-A4C3-12CBC8FD9D66}.Release|x64.ActiveCfg = Release|x64
		{5C5B57C1-1FEA-4558-A4C3-12CBC8FD9D66}.Release|x64.Build.0 = Release|x64
		{5C5B57C1-1FEA-4558-A4C3-12CBC8FD9D66}.Release|x86.ActiveCfg = Release|Win32
		{5C5B57C1-1FEA-4558-A4C3-12CBC8FD9D66}.Release|x86.Build.0 = Release|Win32
		{ACBD7079-863C-449A-81BC-E5C694580D84}.Debug|Any CPU.ActiveCfg = Debug|Win32
		{ACBD7079-863C-449A-81BC-E5C694580D84}.Debug|x64.ActiveCfg = Debug|x64
		{ACBD7079-863C-449A-81BC-E5C694580D84}.Debug|x64.Build.0 = Debug|x64
		{ACBD7079-863C-449A-81BC-E5C694580D84}.Debug|x86.ActiveCfg = Debug|Win32
		{ACBD7079-863C-449A-81BC-E5C694580D84}.Debug|x86.Build.0 = Debug|Win32
		{ACBD7079-863C-449A-81BC-E5C694580D84}.Export|Any CPU.ActiveCfg = Release|Win32
		{ACBD7079-863C-449A-81BC-E5C694580D84}.Export|Any CPU.Build.0 = Release|Win32
		{ACBD7079-863C-449A-81BC-E5C694580D84}.Export|x64.ActiveCfg = Release|x64
		{ACBD7079-863C-449A-81BC-E5C694580D84}.Export|x64.Build.0 = Release|x64
		{ACBD7079-863C-449A-81BC-E5C694580D84}.Export|x86.ActiveCfg = Release|Win32
		{ACBD7079-863C-449A-81BC-E5C694580D84}.Export|x86.Build.0 = Release|Win32
		{ACBD7079-863C-449A-81BC-E5C694580D84}.Release|Any CPU.ActiveCfg = Release|Win32
		{ACBD7079-863C-449A-81BC-E5C694580D84}.Release|x64.ActiveCfg = Release|x64
		{ACBD7079-863C-449A-81BC-E5C694580D84}.Release|x64.Build.0 = Release|x64
		{ACBD7079-863C-449A-81BC-E5C694580D84}.Release|x86.ActiveCfg = Release|Win32
		{ACBD7079-863C-449A-81BC-E5C694580D84}.Release|x86.Build.0 = Release|Win32
		{000000ED-0000-0000-0000-000000000000}.Debug|Any CPU.ActiveCfg = Debug|Win32
		{000000ED-0000-0000-0000-000000000000}.Debug|x64.ActiveCfg = Debug|x64
		{000000ED-0000-0000-0000-000000000000}.Debug|x64.Build.0 = Debug|x64
		{000000ED-0000-0000-0000-000000000000}.Debug|x86.ActiveCfg = Debug|Win32
		{000000ED-0000-0000-0000-000000000000}.Debug|x86.Build.0 = Debug|Win32
		{000000ED-0000-0000-0000-000000000000}.Export|Any CPU.ActiveCfg = Release|Win32
		{000000ED-0000-0000-0000-000000000000}.Export|Any CPU.Build.0 = Release|Win32
		{000000ED-0000-0000-0000-000000000000}.Export|x64.ActiveCfg = Release|x64
		{000000ED-0000-0000-0000-000000000000}.Export|x64.Build.0 = Release|x64
		{000000ED-0000-0000-0000-000000000000}.Export|x86.ActiveCfg = Release|Win32
		{000000ED-0000-0000-0000-000000000000}.Export|x86.Build.0 = Release|Win32
		{000000ED-0000-0000-0000-000000000000}.Release|Any CPU.ActiveCfg = Release|Win32
		{000000ED-0000-0000-0000-000000000000}.Release|x64.ActiveCfg = Release|x64
		{000000ED-0000-0000-0000-000000000000}.Release|x64.Build.0 = Release|x64
		{000000ED-0000-0000-0000-000000000000}.Release|x86.ActiveCfg = Release|Win32
		{000000ED-0000-0000-0000-000000000000}.Release|x86.Build.0 = Release|Win32
		{53CBB3EF-CCD9-422A-9369-55FAD6E5FCEC}.Debug|Any CPU.ActiveCfg = Debug|Win32
		{53CBB3EF-CCD9-422A-9369-55FAD6E5FCEC}.Debug|x64.ActiveCfg = Debug|x64
		{53CBB3EF-CCD9-422A-9369-55FAD6E5FCEC}.Debug|x64.Build.0 = Debug|x64
		{53CBB3EF-CCD9-422A-9369-55FAD6E5FCEC}.Debug|x86.ActiveCfg = Debug|Win32
		{53CBB3EF-CCD9-422A-9369-55FAD6E5FCEC}.Debug|x86.Build.0 = Debug|Win32
		{53CBB3EF-CCD9-422A-9369-55FAD6E5FCEC}.Export|Any CPU.ActiveCfg = Release|Win32
		{53CBB3EF-CCD9-422A-9369-55FAD6E5FCEC}.Export|Any CPU.Build.0 = Release|Win32
		{53CBB3EF-CCD9-422A-9369-55FAD6E5FCEC}.Export|x64.ActiveCfg = Release|x64
		{53CBB3EF-CCD9-422A-9369-55FAD6E5FCEC}.Export|x64.Build.0 = Release|x64
		{53CBB3EF-CCD9-422A-9369-55FAD6E5FCEC}.Export|x86.ActiveCfg = Release|Win32
		{53CBB3EF-CCD9-422A-9369-55FAD6E5FCEC}.Export|x86.Build.0 = Release|Win32
		{53CBB3EF-CCD9-422A-9369-55FAD6E5FCEC}.Release|Any CPU.ActiveCfg = Release|Win32
		{53CBB3EF-CCD9-422A-9369-55FAD6E5FCEC}.Release|x64.ActiveCfg = Release|x64
		{53CBB3EF-CCD9-422A-9369-55FAD6E5FCEC}.Release|x64.Build.0 = Release|x64
		{53CBB3EF-CCD9-422A-9369-55FAD6E5FCEC}.Release|x86.ActiveCfg = Release|Win32
		{53CBB3EF-CCD9-422A-9369-55FAD6E5FCEC}.Release|x86.Build.0 = Release|Win32
		{17DB7EA6-1867-4205-8B78-6E039EF4250A}.Debug|Any CPU.ActiveCfg = Debug|Any CPU
		{17DB7EA6-1867-4205-8B78-6E039EF4250A}.Debug|Any CPU.Build.0 = Debug|Any CPU
		{17DB7EA6-1867-4205-8B78-6E039EF4250A}.Debug|x64.ActiveCfg = Debug|Any CPU
		{17DB7EA6-1867-4205-8B78-6E039EF4250A}.Debug|x64.Build.0 = Debug|Any CPU
		{17DB7EA6-1867-4205-8B78-6E039EF4250A}.Debug|x86.ActiveCfg = Debug|Any CPU
		{17DB7EA6-1867-4205-8B78-6E039EF4250A}.Debug|x86.Build.0 = Debug|Any CPU
		{17DB7EA6-1867-4205-8B78-6E039EF4250A}.Export|Any CPU.ActiveCfg = Debug|Any CPU
		{17DB7EA6-1867-4205-8B78-6E039EF4250A}.Export|Any CPU.Build.0 = Debug|Any CPU
		{17DB7EA6-1867-4205-8B78-6E039EF4250A}.Export|x64.ActiveCfg = Debug|Any CPU
		{17DB7EA6-1867-4205-8B78-6E039EF4250A}.Export|x64.Build.0 = Debug|Any CPU
		{17DB7EA6-1867-4205-8B78-6E039EF4250A}.Export|x86.ActiveCfg = Debug|Any CPU
		{17DB7EA6-1867-4205-8B78-6E039EF4250A}.Export|x86.Build.0 = Debug|Any CPU
		{17DB7EA6-1867-4205-8B78-6E039EF4250A}.Release|Any CPU.ActiveCfg = Release|Any CPU
		{17DB7EA6-1867-4205-8B78-6E039EF4250A}.Release|Any CPU.Build.0 = Release|Any CPU
		{17DB7EA6-1867-4205-8B78-6E039EF4250A}.Release|x64.ActiveCfg = Release|Any CPU
		{17DB7EA6-1867-4205-8B78-6E039EF4250A}.Release|x64.Build.0 = Release|Any CPU
		{17DB7EA6-1867-4205-8B78-6E039EF4250A}.Release|x86.ActiveCfg = Release|Any CPU
		{17DB7EA6-1867-4205-8B78-6E039EF4250A}.Release|x86.Build.0 = Release|Any CPU
	EndGlobalSection
	GlobalSection(SolutionProperties) = preSolution
		HideSolutionNode = FALSE
	EndGlobalSection
	GlobalSection(NestedProjects) = preSolution
		{A1BEC4B9-F16A-4D37-B4E3-8A4EB6680D47} = {0D3144BF-08E5-4A47-BC31-625428A35E03}
		{5C5B57C1-1FEA-4558-A4C3-12CBC8FD9D66} = {0D3144BF-08E5-4A47-BC31-625428A35E03}
		{ACBD7079-863C-449A-81BC-E5C694580D84} = {0D3144BF-08E5-4A47-BC31-625428A35E03}
		{53CBB3EF-CCD9-422A-9369-55FAD6E5FCEC} = {0D3144BF-08E5-4A47-BC31-625428A35E03}
		{17DB7EA6-1867-4205-8B78-6E039EF4250A} = {7B790D0D-D0C8-49BC-BAF1-74D38D270795}
	EndGlobalSection
	GlobalSection(ExtensibilityGlobals) = postSolution
		SolutionGuid = {5911E9B9-FF1E-4BAB-9588-F1BDABFCA568}
	EndGlobalSection
EndGlobal
