<?xml version="1.0" encoding="utf-8"?>
<Project ToolsVersion="4.0" xmlns="http://schemas.microsoft.com/developer/msbuild/2003">
  <ItemGroup>
    <ClCompile Include="Sources\Private\Asset\asset.cpp">
      <Filter>Sources\Private\Asset</Filter>
    </ClCompile>
    <ClCompile Include="Sources\Private\Asset\assetLibrary.cpp">
      <Filter>Sources\Private\Asset</Filter>
    </ClCompile>
    <ClCompile Include="Sources\Private\Asset\AssetRegistry.cpp">
      <Filter>Sources\Private\Asset</Filter>
    </ClCompile>
    <ClCompile Include="Sources\Private\Asset\GLAssetIO.cpp">
      <Filter>Sources\Private\Asset</Filter>
    </ClCompile>
    <ClCompile Include="Sources\Private\Camera\camera.cpp">
      <Filter>Sources\Private\Camera</Filter>
    </ClCompile>
    <ClCompile Include="Sources\Private\Engine\debugerTool.cpp">
      <Filter>Sources\Private\Engine</Filter>
    </ClCompile>
    <ClCompile Include="Sources\Private\Engine\engine.cpp">
      <Filter>Sources\Private\Engine</Filter>
    </ClCompile>
    <ClCompile Include="Sources\Private\Engine\eventManager.cpp">
      <Filter>Sources\Private\Engine</Filter>
    </ClCompile>
    <ClCompile Include="Sources\Private\Engine\inputManager.cpp">
      <Filter>Sources\Private\Engine</Filter>
    </ClCompile>
    <ClCompile Include="Sources\Private\Engine\ThreadHandler.cpp">
      <Filter>Sources\Private\Engine</Filter>
    </ClCompile>
    <ClCompile Include="Sources\Private\EngineLog\engineLog.cpp">
      <Filter>Sources\Private\EngineLog</Filter>
    </ClCompile>
    <ClCompile Include="Sources\Private\Lighting\directionalLight.cpp">
      <Filter>Sources\Private\Lighting</Filter>
    </ClCompile>
    <ClCompile Include="Sources\Private\Lighting\Light.cpp">
      <Filter>Sources\Private\Lighting</Filter>
    </ClCompile>
    <ClCompile Include="Sources\Private\Lighting\pointLight.cpp">
      <Filter>Sources\Private\Lighting</Filter>
    </ClCompile>
    <ClCompile Include="Sources\Private\Lighting\spotLight.cpp">
      <Filter>Sources\Private\Lighting</Filter>
    </ClCompile>
    <ClCompile Include="Sources\Private\MathLibrary\worldInteraction.cpp">
      <Filter>Sources\Private\MathLibrary</Filter>
    </ClCompile>
    <ClCompile Include="Sources\Private\Mesh\CubemapComponent.cpp">
      <Filter>Sources\Private\Mesh</Filter>
    </ClCompile>
    <ClCompile Include="Sources\Private\Mesh\InstancedMeshComponent.cpp">
      <Filter>Sources\Private\Mesh</Filter>
    </ClCompile>
    <ClCompile Include="Sources\Private\Mesh\MeshComponent.cpp">
      <Filter>Sources\Private\Mesh</Filter>
    </ClCompile>
    <ClCompile Include="Sources\Private\Mesh\MeshData.cpp">
      <Filter>Sources\Private\Mesh</Filter>
    </ClCompile>
    <ClCompile Include="Sources\Private\Mesh\StaticMesh.cpp">
      <Filter>Sources\Private\Mesh</Filter>
    </ClCompile>
    <ClCompile Include="Sources\Private\Mesh\StaticMeshComponent.cpp">
      <Filter>Sources\Private\Mesh</Filter>
    </ClCompile>
    <ClCompile Include="Sources\Private\Physic\physicDebugViewer.cpp">
      <Filter>Sources\Private\Physic</Filter>
    </ClCompile>
    <ClCompile Include="Sources\Private\Scene\primitiveComponent.cpp">
      <Filter>Sources\Private\Scene</Filter>
    </ClCompile>
    <ClCompile Include="Sources\Private\Scene\scene.cpp">
      <Filter>Sources\Private\Scene</Filter>
    </ClCompile>
    <ClCompile Include="Sources\Private\Scene\sceneComponent.cpp">
      <Filter>Sources\Private\Scene</Filter>
    </ClCompile>
    <ClCompile Include="Sources\Private\Scene\SceneMeshProxy.cpp">
      <Filter>Sources\Private\Scene</Filter>
    </ClCompile>
    <ClCompile Include="Sources\Private\Shader\material.cpp">
      <Filter>Sources\Private\Shader</Filter>
    </ClCompile>
    <ClCompile Include="Sources\Private\Shader\shaderLoader.cpp">
      <Filter>Sources\Private\Shader</Filter>
    </ClCompile>
    <ClCompile Include="Sources\Private\Texture\texture.cpp">
      <Filter>Sources\Private\Texture</Filter>
    </ClCompile>
    <ClCompile Include="Sources\Private\UI\engineLogWindow.cpp">
      <Filter>Sources\Private\UI</Filter>
    </ClCompile>
    <ClCompile Include="Sources\Private\UI\FloatingWindow.cpp">
      <Filter>Sources\Private\UI</Filter>
    </ClCompile>
    <ClCompile Include="Sources\Private\World\world.cpp">
      <Filter>Sources\Private\World</Filter>
    </ClCompile>
    <ClCompile Include="Sources\Private\World\worldAsset.cpp">
      <Filter>Sources\Private\World</Filter>
    </ClCompile>
  </ItemGroup>
  <ItemGroup>
    <ClInclude Include="Sources\Public\EnginePCH.h">
      <Filter>Sources\Public</Filter>
    </ClInclude>
    <ClInclude Include="Sources\Public\Asset\asset.h">
      <Filter>Sources\Public\Asset</Filter>
    </ClInclude>
    <ClInclude Include="Sources\Public\Asset\assetLibrary.h">
      <Filter>Sources\Public\Asset</Filter>
    </ClInclude>
    <ClInclude Include="Sources\Public\Asset\AssetRegistry.h">
      <Filter>Sources\Public\Asset</Filter>
    </ClInclude>
    <ClInclude Include="Sources\Public\Asset\GLAssetIO.h">
      <Filter>Sources\Public\Asset</Filter>
    </ClInclude>
    <ClInclude Include="Sources\Public\Camera\camera.h">
      <Filter>Sources\Public\Camera</Filter>
    </ClInclude>
    <ClInclude Include="Sources\Public\Engine\debugerTool.h">
      <Filter>Sources\Public\Engine</Filter>
    </ClInclude>
    <ClInclude Include="Sources\Public\Engine\engine.h">
      <Filter>Sources\Public\Engine</Filter>
    </ClInclude>
    <ClInclude Include="Sources\Public\Engine\eventManager.h">
      <Filter>Sources\Public\Engine</Filter>
    </ClInclude>
    <ClInclude Include="Sources\Public\Engine\inputManager.h">
      <Filter>Sources\Public\Engine</Filter>
    </ClInclude>
    <ClInclude Include="Sources\Public\Engine\ThreadHandler.h">
      <Filter>Sources\Public\Engine</Filter>
    </ClInclude>
    <ClInclude Include="Sources\Public\EngineLog\engineLog.h">
      <Filter>Sources\Public\EngineLog</Filter>
    </ClInclude>
    <ClInclude Include="Sources\Public\Lighting\directionalLight.h">
      <Filter>Sources\Public\Lighting</Filter>
    </ClInclude>
    <ClInclude Include="Sources\Public\Lighting\Light.h">
      <Filter>Sources\Public\Lighting</Filter>
    </ClInclude>
    <ClInclude Include="Sources\Public\Lighting\pointLight.h">
      <Filter>Sources\Public\Lighting</Filter>
    </ClInclude>
    <ClInclude Include="Sources\Public\Lighting\spotLight.h">
      <Filter>Sources\Public\Lighting</Filter>
    </ClInclude>
    <ClInclude Include="Sources\Public\MathLibrary\vector3.h">
      <Filter>Sources\Public\MathLibrary</Filter>
    </ClInclude>
    <ClInclude Include="Sources\Public\MathLibrary\worldInteraction.h">
      <Filter>Sources\Public\MathLibrary</Filter>
    </ClInclude>
    <ClInclude Include="Sources\Public\Mesh\CubemapComponent.h">
      <Filter>Sources\Public\Mesh</Filter>
    </ClInclude>
    <ClInclude Include="Sources\Public\Mesh\InstancedMeshComponent.h">
      <Filter>Sources\Public\Mesh</Filter>
    </ClInclude>
    <ClInclude Include="Sources\Public\Mesh\MeshComponent.h">
      <Filter>Sources\Public\Mesh</Filter>
    </ClInclude>
    <ClInclude Include="Sources\Public\Mesh\MeshData.h">
      <Filter>Sources\Public\Mesh</Filter>
    </ClInclude>
    <ClInclude Include="Sources\Public\Mesh\StaticMesh.h">
      <Filter>Sources\Public\Mesh</Filter>
    </ClInclude>
    <ClInclude Include="Sources\Public\Mesh\StaticMeshComponent.h">
      <Filter>Sources\Public\Mesh</Filter>
    </ClInclude>
    <ClInclude Include="Sources\Public\Physic\physicDebugViewer.h">
      <Filter>Sources\Public\Physic</Filter>
    </ClInclude>
    <ClInclude Include="Sources\Public\Scene\primitiveComponent.h">
      <Filter>Sources\Public\Scene</Filter>
    </ClInclude>
    <ClInclude Include="Sources\Public\Scene\scene.h">
      <Filter>Sources\Public\Scene</Filter>
    </ClInclude>
    <ClInclude Include="Sources\Public\Scene\sceneComponent.h">
      <Filter>Sources\Public\Scene</Filter>
    </ClInclude>
    <ClInclude Include="Sources\Public\Scene\SceneMeshProxy.h">
      <Filter>Sources\Public\Scene</Filter>
    </ClInclude>
    <ClInclude Include="Sources\Public\Shader\material.h">
      <Filter>Sources\Public\Shader</Filter>
    </ClInclude>
    <ClInclude Include="Sources\Public\Shader\shaderLoader.h">
      <Filter>Sources\Public\Shader</Filter>
    </ClInclude>
    <ClInclude Include="Sources\Public\Shader\shader_s.h">
      <Filter>Sources\Public\Shader</Filter>
    </ClInclude>
    <ClInclude Include="Sources\Public\Texture\texture.h">
      <Filter>Sources\Public\Texture</Filter>
    </ClInclude>
    <ClInclude Include="Sources\Public\UI\engineLogWindow.h">
      <Filter>Sources\Public\UI</Filter>
    </ClInclude>
    <ClInclude Include="Sources\Public\UI\FloatingWindow.h">
      <Filter>Sources\Public\UI</Filter>
    </ClInclude>
    <ClInclude Include="Sources\Public\World\world.h">
      <Filter>Sources\Public\World</Filter>
    </ClInclude>
    <ClInclude Include="Sources\Public\World\worldAsset.h">
      <Filter>Sources\Public\World</Filter>
    </ClInclude>
  </ItemGroup>
  <ItemGroup>
    <Filter Include="Sources">
      <UniqueIdentifier>{Sources}</UniqueIdentifier>
    </Filter>
    <Filter Include="Sources\Private">
      <UniqueIdentifier>{Sources\Private}</UniqueIdentifier>
    </Filter>
    <Filter Include="Sources\Private\Asset">
      <UniqueIdentifier>{Sources\Private\Asset}</UniqueIdentifier>
    </Filter>
    <Filter Include="Sources\Private\Camera">
      <UniqueIdentifier>{Sources\Private\Camera}</UniqueIdentifier>
    </Filter>
    <Filter Include="Sources\Private\Engine">
      <UniqueIdentifier>{Sources\Private\Engine}</UniqueIdentifier>
    </Filter>
    <Filter Include="Sources\Private\EngineLog">
      <UniqueIdentifier>{Sources\Private\EngineLog}</UniqueIdentifier>
    </Filter>
    <Filter Include="Sources\Private\Lighting">
      <UniqueIdentifier>{Sources\Private\Lighting}</UniqueIdentifier>
    </Filter>
    <Filter Include="Sources\Private\MathLibrary">
      <UniqueIdentifier>{Sources\Private\MathLibrary}</UniqueIdentifier>
    </Filter>
    <Filter Include="Sources\Private\Mesh">
      <UniqueIdentifier>{Sources\Private\Mesh}</UniqueIdentifier>
    </Filter>
    <Filter Include="Sources\Private\Physic">
      <UniqueIdentifier>{Sources\Private\Physic}</UniqueIdentifier>
    </Filter>
    <Filter Include="Sources\Private\Scene">
      <UniqueIdentifier>{Sources\Private\Scene}</UniqueIdentifier>
    </Filter>
    <Filter Include="Sources\Private\Shader">
      <UniqueIdentifier>{Sources\Private\Shader}</UniqueIdentifier>
    </Filter>
    <Filter Include="Sources\Private\Texture">
      <UniqueIdentifier>{Sources\Private\Texture}</UniqueIdentifier>
    </Filter>
    <Filter Include="Sources\Private\UI">
      <UniqueIdentifier>{Sources\Private\UI}</UniqueIdentifier>
    </Filter>
    <Filter Include="Sources\Private\World">
      <UniqueIdentifier>{Sources\Private\World}</UniqueIdentifier>
    </Filter>
    <Filter Include="Sources\Public">
      <UniqueIdentifier>{Sources\Public}</UniqueIdentifier>
    </Filter>
    <Filter Include="Sources\Public\Asset">
      <UniqueIdentifier>{Sources\Public\Asset}</UniqueIdentifier>
    </Filter>
    <Filter Include="Sources\Public\Camera">
      <UniqueIdentifier>{Sources\Public\Camera}</UniqueIdentifier>
    </Filter>
    <Filter Include="Sources\Public\Engine">
      <UniqueIdentifier>{Sources\Public\Engine}</UniqueIdentifier>
    </Filter>
    <Filter Include="Sources\Public\EngineLog">
      <UniqueIdentifier>{Sources\Public\EngineLog}</UniqueIdentifier>
    </Filter>
    <Filter Include="Sources\Public\Lighting">
      <UniqueIdentifier>{Sources\Public\Lighting}</UniqueIdentifier>
    </Filter>
    <Filter Include="Sources\Public\MathLibrary">
      <UniqueIdentifier>{Sources\Public\MathLibrary}</UniqueIdentifier>
    </Filter>
    <Filter Include="Sources\Public\Mesh">
      <UniqueIdentifier>{Sources\Public\Mesh}</UniqueIdentifier>
    </Filter>
    <Filter Include="Sources\Public\Physic">
      <UniqueIdentifier>{Sources\Public\Physic}</UniqueIdentifier>
    </Filter>
    <Filter Include="Sources\Public\Scene">
      <UniqueIdentifier>{Sources\Public\Scene}</UniqueIdentifier>
    </Filter>
    <Filter Include="Sources\Public\Shader">
      <UniqueIdentifier>{Sources\Public\Shader}</UniqueIdentifier>
    </Filter>
    <Filter Include="Sources\Public\Texture">
      <UniqueIdentifier>{Sources\Public\Texture}</UniqueIdentifier>
    </Filter>
    <Filter Include="Sources\Public\UI">
      <UniqueIdentifier>{Sources\Public\UI}</UniqueIdentifier>
    </Filter>
    <Filter Include="Sources\Public\World">
      <UniqueIdentifier>{Sources\Public\World}</UniqueIdentifier>
    </Filter>
  </ItemGroup>
</Project>
