<?xml version="1.0" encoding="utf-8"?>
<Project ToolsVersion="4.0" xmlns="http://schemas.microsoft.com/developer/msbuild/2003">
  <ItemGroup>
    <ClCompile Include="Sources\Private\imgui.cpp">
      <Filter>Sources\Private</Filter>
    </ClCompile>
    <ClCompile Include="Sources\Private\imgui_demo.cpp">
      <Filter>Sources\Private</Filter>
    </ClCompile>
    <ClCompile Include="Sources\Private\imgui_draw.cpp">
      <Filter>Sources\Private</Filter>
    </ClCompile>
    <ClCompile Include="Sources\Private\imgui_impl_glfw.cpp">
      <Filter>Sources\Private</Filter>
    </ClCompile>
    <ClCompile Include="Sources\Private\imgui_impl_opengl3.cpp">
      <Filter>Sources\Private</Filter>
    </ClCompile>
    <ClCompile Include="Sources\Private\imgui_widgets.cpp">
      <Filter>Sources\Private</Filter>
    </ClCompile>
  </ItemGroup>
  <ItemGroup>
    <ClInclude Include="Sources\Public\imconfig.h">
      <Filter>Sources\Public</Filter>
    </ClInclude>
    <ClInclude Include="Sources\Public\imgui.h">
      <Filter>Sources\Public</Filter>
    </ClInclude>
    <ClInclude Include="Sources\Public\imgui_impl_glfw.h">
      <Filter>Sources\Public</Filter>
    </ClInclude>
    <ClInclude Include="Sources\Public\imgui_impl_opengl3.h">
      <Filter>Sources\Public</Filter>
    </ClInclude>
    <ClInclude Include="Sources\Public\imgui_internal.h">
      <Filter>Sources\Public</Filter>
    </ClInclude>
    <ClInclude Include="Sources\Public\imstb_rectpack.h">
      <Filter>Sources\Public</Filter>
    </ClInclude>
    <ClInclude Include="Sources\Public\imstb_textedit.h">
      <Filter>Sources\Public</Filter>
    </ClInclude>
    <ClInclude Include="Sources\Public\imstb_truetype.h">
      <Filter>Sources\Public</Filter>
    </ClInclude>
  </ItemGroup>
  <ItemGroup>
    <Filter Include="Sources">
      <UniqueIdentifier>{Sources}</UniqueIdentifier>
    </Filter>
    <Filter Include="Sources\Private">
      <UniqueIdentifier>{Sources\Private}</UniqueIdentifier>
    </Filter>
    <Filter Include="Sources\Public">
      <UniqueIdentifier>{Sources\Public}</UniqueIdentifier>
    </Filter>
  </ItemGroup>
</Project>
