<?xml version="1.0" encoding="utf-8"?>
<Project ToolsVersion="4.0" xmlns="http://schemas.microsoft.com/developer/msbuild/2003">
  <ItemGroup>
    <ClCompile Include="Sources\Private\Generators\FastNoise.cpp">
      <Filter>Sources\Private\Generators</Filter>
    </ClCompile>
    <ClCompile Include="Sources\Private\Mesh\ProceduralLandscapeComponent.cpp">
      <Filter>Sources\Private\Mesh</Filter>
    </ClCompile>
    <ClCompile Include="Sources\Private\Mesh\ProceduralLandscapeOctreeNode.cpp">
      <Filter>Sources\Private\Mesh</Filter>
    </ClCompile>
    <ClCompile Include="Sources\Private\Mesh\ProceduralLandscapeSection.cpp">
      <Filter>Sources\Private\Mesh</Filter>
    </ClCompile>
  </ItemGroup>
  <ItemGroup>
    <ClInclude Include="Sources\Public\proceduralLandscapeTypes.h">
      <Filter>Sources\Public</Filter>
    </ClInclude>
    <ClInclude Include="Sources\Public\Generators\FastNoise.h">
      <Filter>Sources\Public\Generators</Filter>
    </ClInclude>
    <ClInclude Include="Sources\Public\Mesh\ProceduralLandscapeComponent.h">
      <Filter>Sources\Public\Mesh</Filter>
    </ClInclude>
    <ClInclude Include="Sources\Public\Mesh\ProceduralLandscapeOctreeNode.h">
      <Filter>Sources\Public\Mesh</Filter>
    </ClInclude>
    <ClInclude Include="Sources\Public\Mesh\ProceduralLandscapeSection.h">
      <Filter>Sources\Public\Mesh</Filter>
    </ClInclude>
  </ItemGroup>
  <ItemGroup>
    <Filter Include="Sources">
      <UniqueIdentifier>{Sources}</UniqueIdentifier>
    </Filter>
    <Filter Include="Sources\Private">
      <UniqueIdentifier>{Sources\Private}</UniqueIdentifier>
    </Filter>
    <Filter Include="Sources\Private\Generators">
      <UniqueIdentifier>{Sources\Private\Generators}</UniqueIdentifier>
    </Filter>
    <Filter Include="Sources\Private\Mesh">
      <UniqueIdentifier>{Sources\Private\Mesh}</UniqueIdentifier>
    </Filter>
    <Filter Include="Sources\Public">
      <UniqueIdentifier>{Sources\Public}</UniqueIdentifier>
    </Filter>
    <Filter Include="Sources\Public\Generators">
      <UniqueIdentifier>{Sources\Public\Generators}</UniqueIdentifier>
    </Filter>
    <Filter Include="Sources\Public\Mesh">
      <UniqueIdentifier>{Sources\Public\Mesh}</UniqueIdentifier>
    </Filter>
  </ItemGroup>
</Project>
