<?xml version="1.0" encoding="utf-8"?>
<Project ToolsVersion="4.0" xmlns="http://schemas.microsoft.com/developer/msbuild/2003">
  <ItemGroup>
    <Filter Include="Extras">
      <UniqueIdentifier>{39806630-1C9A-E84A-B898-1CF2FEB90D54}</UniqueIdentifier>
    </Filter>
    <Filter Include="Extras\obj2sdf">
      <UniqueIdentifier>{30AF3B86-CFCD-FC42-A41A-3930B0B776CA}</UniqueIdentifier>
    </Filter>
    <Filter Include="examples">
      <UniqueIdentifier>{BCEDD9FA-CD4C-164B-AE8D-A1D375A17E4F}</UniqueIdentifier>
    </Filter>
    <Filter Include="examples\Utils">
      <UniqueIdentifier>{27489C5E-C797-5C48-B1BA-D9CEC7B9A22B}</UniqueIdentifier>
    </Filter>
    <Filter Include="examples\ThirdPartyLibs">
      <UniqueIdentifier>{89949FCA-24F8-254D-92FA-6C6EB471C90F}</UniqueIdentifier>
    </Filter>
    <Filter Include="examples\ThirdPartyLibs\Wavefront">
      <UniqueIdentifier>{158C8C88-B736-1B4B-98D7-8E77D521D7BD}</UniqueIdentifier>
    </Filter>
  </ItemGroup>
  <ItemGroup>
    <ClInclude Include="..\..\examples\Utils\b3ResourcePath.h">
      <Filter>examples\Utils</Filter>
    </ClInclude>
  </ItemGroup>
  <ItemGroup>
    <ClCompile Include="..\..\Extras\obj2sdf\obj2sdf.cpp">
      <Filter>Extras\obj2sdf</Filter>
    </ClCompile>
    <ClCompile Include="..\..\examples\Utils\b3ResourcePath.cpp">
      <Filter>examples\Utils</Filter>
    </ClCompile>
    <ClCompile Include="..\..\examples\ThirdPartyLibs\Wavefront\tiny_obj_loader.cpp">
      <Filter>examples\ThirdPartyLibs\Wavefront</Filter>
    </ClCompile>
  </ItemGroup>
</Project>
