<?xml version="1.0" encoding="utf-8"?>
<Project ToolsVersion="4.0" xmlns="http://schemas.microsoft.com/developer/msbuild/2003">
  <ItemGroup>
    <Filter Include="src">
      <UniqueIdentifier>{4805A204-EB9C-CC4D-BF77-60966A3FCD08}</UniqueIdentifier>
    </Filter>
    <Filter Include="src\Bullet3Dynamics">
      <UniqueIdentifier>{EFB669CD-B9AA-9945-A9B5-12133F9B4B84}</UniqueIdentifier>
    </Filter>
    <Filter Include="src\Bullet3Dynamics\ConstraintSolver">
      <UniqueIdentifier>{A1DB02D2-AE66-C440-8802-65E198C69FAA}</UniqueIdentifier>
    </Filter>
    <Filter Include="src\Bullet3Dynamics\shared">
      <UniqueIdentifier>{1C03D9C3-4203-0C45-8A91-C1B4C0C49934}</UniqueIdentifier>
    </Filter>
  </ItemGroup>
  <ItemGroup>
    <ClInclude Include="..\..\src\Bullet3Dynamics\b3CpuRigidBodyPipeline.h">
      <Filter>src\Bullet3Dynamics</Filter>
    </ClInclude>
    <ClInclude Include="..\..\src\Bullet3Dynamics\ConstraintSolver\b3ContactSolverInfo.h">
      <Filter>src\Bullet3Dynamics\ConstraintSolver</Filter>
    </ClInclude>
    <ClInclude Include="..\..\src\Bullet3Dynamics\ConstraintSolver\b3FixedConstraint.h">
      <Filter>src\Bullet3Dynamics\ConstraintSolver</Filter>
    </ClInclude>
    <ClInclude Include="..\..\src\Bullet3Dynamics\ConstraintSolver\b3Generic6DofConstraint.h">
      <Filter>src\Bullet3Dynamics\ConstraintSolver</Filter>
    </ClInclude>
    <ClInclude Include="..\..\src\Bullet3Dynamics\ConstraintSolver\b3JacobianEntry.h">
      <Filter>src\Bullet3Dynamics\ConstraintSolver</Filter>
    </ClInclude>
    <ClInclude Include="..\..\src\Bullet3Dynamics\ConstraintSolver\b3PgsJacobiSolver.h">
      <Filter>src\Bullet3Dynamics\ConstraintSolver</Filter>
    </ClInclude>
    <ClInclude Include="..\..\src\Bullet3Dynamics\ConstraintSolver\b3Point2PointConstraint.h">
      <Filter>src\Bullet3Dynamics\ConstraintSolver</Filter>
    </ClInclude>
    <ClInclude Include="..\..\src\Bullet3Dynamics\ConstraintSolver\b3SolverBody.h">
      <Filter>src\Bullet3Dynamics\ConstraintSolver</Filter>
    </ClInclude>
    <ClInclude Include="..\..\src\Bullet3Dynamics\ConstraintSolver\b3SolverConstraint.h">
      <Filter>src\Bullet3Dynamics\ConstraintSolver</Filter>
    </ClInclude>
    <ClInclude Include="..\..\src\Bullet3Dynamics\ConstraintSolver\b3TypedConstraint.h">
      <Filter>src\Bullet3Dynamics\ConstraintSolver</Filter>
    </ClInclude>
    <ClInclude Include="..\..\src\Bullet3Dynamics\shared\b3ContactConstraint4.h">
      <Filter>src\Bullet3Dynamics\shared</Filter>
    </ClInclude>
    <ClInclude Include="..\..\src\Bullet3Dynamics\shared\b3ConvertConstraint4.h">
      <Filter>src\Bullet3Dynamics\shared</Filter>
    </ClInclude>
    <ClInclude Include="..\..\src\Bullet3Dynamics\shared\b3Inertia.h">
      <Filter>src\Bullet3Dynamics\shared</Filter>
    </ClInclude>
    <ClInclude Include="..\..\src\Bullet3Dynamics\shared\b3IntegrateTransforms.h">
      <Filter>src\Bullet3Dynamics\shared</Filter>
    </ClInclude>
  </ItemGroup>
  <ItemGroup>
    <ClCompile Include="..\..\src\Bullet3Dynamics\b3CpuRigidBodyPipeline.cpp">
      <Filter>src\Bullet3Dynamics</Filter>
    </ClCompile>
    <ClCompile Include="..\..\src\Bullet3Dynamics\ConstraintSolver\b3FixedConstraint.cpp">
      <Filter>src\Bullet3Dynamics\ConstraintSolver</Filter>
    </ClCompile>
    <ClCompile Include="..\..\src\Bullet3Dynamics\ConstraintSolver\b3Generic6DofConstraint.cpp">
      <Filter>src\Bullet3Dynamics\ConstraintSolver</Filter>
    </ClCompile>
    <ClCompile Include="..\..\src\Bullet3Dynamics\ConstraintSolver\b3PgsJacobiSolver.cpp">
      <Filter>src\Bullet3Dynamics\ConstraintSolver</Filter>
    </ClCompile>
    <ClCompile Include="..\..\src\Bullet3Dynamics\ConstraintSolver\b3Point2PointConstraint.cpp">
      <Filter>src\Bullet3Dynamics\ConstraintSolver</Filter>
    </ClCompile>
    <ClCompile Include="..\..\src\Bullet3Dynamics\ConstraintSolver\b3TypedConstraint.cpp">
      <Filter>src\Bullet3Dynamics\ConstraintSolver</Filter>
    </ClCompile>
  </ItemGroup>
</Project>
