<?xml version="1.0" encoding="utf-8"?>
<Project ToolsVersion="4.0" xmlns="http://schemas.microsoft.com/developer/msbuild/2003">
  <ItemGroup>
    <Filter Include="examples">
      <UniqueIdentifier>{006B9348-F258-CC4F-A0D3-03D36D6950A1}</UniqueIdentifier>
    </Filter>
    <Filter Include="examples\SharedMemory">
      <UniqueIdentifier>{4AE9C62B-5AE7-8F47-AB43-1CE63EF10058}</UniqueIdentifier>
    </Filter>
    <Filter Include="examples\SharedMemory\plugins">
      <UniqueIdentifier>{70C13E41-A6D0-B944-ACA0-81F8B97D69CB}</UniqueIdentifier>
    </Filter>
    <Filter Include="examples\SharedMemory\plugins\tinyRendererPlugin">
      <UniqueIdentifier>{26D4DE05-6E2C-E64A-B196-B4D1C063A1F1}</UniqueIdentifier>
    </Filter>
    <Filter Include="examples\Importers">
      <UniqueIdentifier>{2634475C-62CB-FF43-B082-56AF9B32A775}</UniqueIdentifier>
    </Filter>
    <Filter Include="examples\Importers\ImportColladaDemo">
      <UniqueIdentifier>{C567182F-F498-954C-AE8C-BB57A87D3ABE}</UniqueIdentifier>
    </Filter>
    <Filter Include="examples\Importers\ImportMeshUtility">
      <UniqueIdentifier>{1AD657D8-2FF9-1E49-8095-19E3A1593F4D}</UniqueIdentifier>
    </Filter>
    <Filter Include="examples\Importers\ImportObjDemo">
      <UniqueIdentifier>{BFFF4D63-E785-5544-A13A-61FC2A682C66}</UniqueIdentifier>
    </Filter>
    <Filter Include="examples\TinyRenderer">
      <UniqueIdentifier>{4874AF5B-6298-9649-8B93-12DD66800490}</UniqueIdentifier>
    </Filter>
    <Filter Include="examples\ThirdPartyLibs">
      <UniqueIdentifier>{26FEE124-349E-6047-A822-9C57955022CD}</UniqueIdentifier>
    </Filter>
    <Filter Include="examples\ThirdPartyLibs\Wavefront">
      <UniqueIdentifier>{6F685686-527F-6F4C-830D-88DFB5F4E8FC}</UniqueIdentifier>
    </Filter>
    <Filter Include="examples\ThirdPartyLibs\stb_image">
      <UniqueIdentifier>{BF3F518F-0EE8-B444-A58E-F47D03005B24}</UniqueIdentifier>
    </Filter>
    <Filter Include="examples\ThirdPartyLibs\tinyxml2">
      <UniqueIdentifier>{DF1D0A83-91E6-7640-8154-3895D71C7826}</UniqueIdentifier>
    </Filter>
    <Filter Include="examples\OpenGLWindow">
      <UniqueIdentifier>{E7E973B2-F4E5-2142-93B5-38AB0753A3FA}</UniqueIdentifier>
    </Filter>
    <Filter Include="examples\Utils">
      <UniqueIdentifier>{396FB1A1-0E44-CF4E-98CB-0C6A05059658}</UniqueIdentifier>
    </Filter>
  </ItemGroup>
  <ItemGroup>
    <ClInclude Include="..\..\examples\SharedMemory\plugins\tinyRendererPlugin\tinyRendererPlugin.h">
      <Filter>examples\SharedMemory\plugins\tinyRendererPlugin</Filter>
    </ClInclude>
    <ClInclude Include="..\..\examples\SharedMemory\plugins\tinyRendererPlugin\TinyRendererVisualShapeConverter.h">
      <Filter>examples\SharedMemory\plugins\tinyRendererPlugin</Filter>
    </ClInclude>
    <ClInclude Include="..\..\examples\Importers\ImportColladaDemo\LoadMeshFromCollada.h">
      <Filter>examples\Importers\ImportColladaDemo</Filter>
    </ClInclude>
    <ClInclude Include="..\..\examples\Importers\ImportMeshUtility\b3ImportMeshUtility.h">
      <Filter>examples\Importers\ImportMeshUtility</Filter>
    </ClInclude>
    <ClInclude Include="..\..\examples\Importers\ImportObjDemo\LoadMeshFromObj.h">
      <Filter>examples\Importers\ImportObjDemo</Filter>
    </ClInclude>
    <ClInclude Include="..\..\examples\Importers\ImportObjDemo\Wavefront2GLInstanceGraphicsShape.h">
      <Filter>examples\Importers\ImportObjDemo</Filter>
    </ClInclude>
    <ClInclude Include="..\..\examples\ThirdPartyLibs\Wavefront\tiny_obj_loader.h">
      <Filter>examples\ThirdPartyLibs\Wavefront</Filter>
    </ClInclude>
    <ClInclude Include="..\..\examples\ThirdPartyLibs\stb_image\stb_image.h">
      <Filter>examples\ThirdPartyLibs\stb_image</Filter>
    </ClInclude>
    <ClInclude Include="..\..\examples\ThirdPartyLibs\tinyxml2\tinyxml2.h">
      <Filter>examples\ThirdPartyLibs\tinyxml2</Filter>
    </ClInclude>
    <ClInclude Include="..\..\examples\OpenGLWindow\SimpleCamera.h">
      <Filter>examples\OpenGLWindow</Filter>
    </ClInclude>
    <ClInclude Include="..\..\examples\Utils\b3Clock.h">
      <Filter>examples\Utils</Filter>
    </ClInclude>
    <ClInclude Include="..\..\examples\Utils\b3ResourcePath.h">
      <Filter>examples\Utils</Filter>
    </ClInclude>
  </ItemGroup>
  <ItemGroup>
    <ClCompile Include="..\..\examples\SharedMemory\plugins\tinyRendererPlugin\tinyRendererPlugin.cpp">
      <Filter>examples\SharedMemory\plugins\tinyRendererPlugin</Filter>
    </ClCompile>
    <ClCompile Include="..\..\examples\SharedMemory\plugins\tinyRendererPlugin\TinyRendererVisualShapeConverter.cpp">
      <Filter>examples\SharedMemory\plugins\tinyRendererPlugin</Filter>
    </ClCompile>
    <ClCompile Include="..\..\examples\Importers\ImportColladaDemo\LoadMeshFromCollada.cpp">
      <Filter>examples\Importers\ImportColladaDemo</Filter>
    </ClCompile>
    <ClCompile Include="..\..\examples\Importers\ImportMeshUtility\b3ImportMeshUtility.cpp">
      <Filter>examples\Importers\ImportMeshUtility</Filter>
    </ClCompile>
    <ClCompile Include="..\..\examples\Importers\ImportObjDemo\LoadMeshFromObj.cpp">
      <Filter>examples\Importers\ImportObjDemo</Filter>
    </ClCompile>
    <ClCompile Include="..\..\examples\Importers\ImportObjDemo\Wavefront2GLInstanceGraphicsShape.cpp">
      <Filter>examples\Importers\ImportObjDemo</Filter>
    </ClCompile>
    <ClCompile Include="..\..\examples\TinyRenderer\geometry.cpp">
      <Filter>examples\TinyRenderer</Filter>
    </ClCompile>
    <ClCompile Include="..\..\examples\TinyRenderer\model.cpp">
      <Filter>examples\TinyRenderer</Filter>
    </ClCompile>
    <ClCompile Include="..\..\examples\TinyRenderer\our_gl.cpp">
      <Filter>examples\TinyRenderer</Filter>
    </ClCompile>
    <ClCompile Include="..\..\examples\TinyRenderer\tgaimage.cpp">
      <Filter>examples\TinyRenderer</Filter>
    </ClCompile>
    <ClCompile Include="..\..\examples\TinyRenderer\TinyRenderer.cpp">
      <Filter>examples\TinyRenderer</Filter>
    </ClCompile>
    <ClCompile Include="..\..\examples\ThirdPartyLibs\Wavefront\tiny_obj_loader.cpp">
      <Filter>examples\ThirdPartyLibs\Wavefront</Filter>
    </ClCompile>
    <ClCompile Include="..\..\examples\ThirdPartyLibs\stb_image\stb_image.cpp">
      <Filter>examples\ThirdPartyLibs\stb_image</Filter>
    </ClCompile>
    <ClCompile Include="..\..\examples\ThirdPartyLibs\tinyxml2\tinyxml2.cpp">
      <Filter>examples\ThirdPartyLibs\tinyxml2</Filter>
    </ClCompile>
    <ClCompile Include="..\..\examples\OpenGLWindow\SimpleCamera.cpp">
      <Filter>examples\OpenGLWindow</Filter>
    </ClCompile>
    <ClCompile Include="..\..\examples\Utils\b3Clock.cpp">
      <Filter>examples\Utils</Filter>
    </ClCompile>
    <ClCompile Include="..\..\examples\Utils\b3ResourcePath.cpp">
      <Filter>examples\Utils</Filter>
    </ClCompile>
  </ItemGroup>
</Project>
