<?xml version="1.0" encoding="utf-8"?>
<Project ToolsVersion="4.0" xmlns="http://schemas.microsoft.com/developer/msbuild/2003">
  <ItemGroup>
    <Filter Include="examples">
      <UniqueIdentifier>{30AC7F8A-E190-B242-8F14-A5A2A50DE4AF}</UniqueIdentifier>
    </Filter>
    <Filter Include="examples\ThirdPartyLibs">
      <UniqueIdentifier>{03ED413A-642F-EE40-AD1A-A72F6B7F9E9C}</UniqueIdentifier>
    </Filter>
    <Filter Include="examples\ThirdPartyLibs\midi">
      <UniqueIdentifier>{BD747EE4-FF87-6E45-A13D-5B1C0DD8FA1C}</UniqueIdentifier>
    </Filter>
  </ItemGroup>
  <ItemGroup>
    <ClInclude Include="..\..\examples\ThirdPartyLibs\midi\RtError.h">
      <Filter>examples\ThirdPartyLibs\midi</Filter>
    </ClInclude>
    <ClInclude Include="..\..\examples\ThirdPartyLibs\midi\RtMidi.h">
      <Filter>examples\ThirdPartyLibs\midi</Filter>
    </ClInclude>
  </ItemGroup>
  <ItemGroup>
    <ClCompile Include="..\..\examples\ThirdPartyLibs\midi\cmidiin.cpp">
      <Filter>examples\ThirdPartyLibs\midi</Filter>
    </ClCompile>
    <ClCompile Include="..\..\examples\ThirdPartyLibs\midi\RtMidi.cpp">
      <Filter>examples\ThirdPartyLibs\midi</Filter>
    </ClCompile>
  </ItemGroup>
</Project>
